// !$*UTF8*$!
{
	archiveVersion = 1;
	classes = {
	};
	objectVersion = 56;
	objects = {

/* Begin PBXBuildFile section */
		4C12B7192A930A0C00571DA3 /* AppDelegate.swift in Sources */ = {isa = PBXBuildFile; fileRef = 4C12B7182A930A0C00571DA3 /* AppDelegate.swift */; };
		4C12B71B2A930A0C00571DA3 /* SceneDelegate.swift in Sources */ = {isa = PBXBuildFile; fileRef = 4C12B71A2A930A0C00571DA3 /* SceneDelegate.swift */; };
		4C12B71D2A930A0C00571DA3 /* ViewController.swift in Sources */ = {isa = PBXBuildFile; fileRef = 4C12B71C2A930A0C00571DA3 /* ViewController.swift */; };
		4C12B7222A930A0D00571DA3 /* Assets.xcassets in Resources */ = {isa = PBXBuildFile; fileRef = 4C12B7212A930A0D00571DA3 /* Assets.xcassets */; };
		4C12B7252A930A0D00571DA3 /* LaunchScreen.storyboard in Resources */ = {isa = PBXBuildFile; fileRef = 4C12B7232A930A0D00571DA3 /* LaunchScreen.storyboard */; };
		4C1FE5172A982AE900D86206 /* CustomTableViewCell.swift in Sources */ = {isa = PBXBuildFile; fileRef = 4C1FE5162A982AE900D86206 /* CustomTableViewCell.swift */; };
		4C1FE5192A9840A200D86206 /* PosterImageView.swift in Sources */ = {isa = PBXBuildFile; fileRef = 4C1FE5182A9840A200D86206 /* PosterImageView.swift */; };
		4C1FE51C2A984B5500D86206 /* OnboardingViewController.swift in Sources */ = {isa = PBXBuildFile; fileRef = 4C1FE51B2A984B5500D86206 /* OnboardingViewController.swift */; };
		4C2FDFEE2A94466A00E8975B /* SnapViewController.swift in Sources */ = {isa = PBXBuildFile; fileRef = 4C2FDFED2A94466A00E8975B /* SnapViewController.swift */; };
		4C2FDFF12A944F4800E8975B /* SnapKit in Frameworks */ = {isa = PBXBuildFile; productRef = 4C2FDFF02A944F4800E8975B /* SnapKit */; };
		4C2FDFF32A945CB200E8975B /* TextViewController.swift in Sources */ = {isa = PBXBuildFile; fileRef = 4C2FDFF22A945CB200E8975B /* TextViewController.swift */; };
		4C2FDFF52A94793900E8975B /* LocationViewController.swift in Sources */ = {isa = PBXBuildFile; fileRef = 4C2FDFF42A94793900E8975B /* LocationViewController.swift */; };
		4C44429B2A964C600048103A /* Example3ViewController.swift in Sources */ = {isa = PBXBuildFile; fileRef = 4C44429A2A964C600048103A /* Example3ViewController.swift */; };
		4C44429D2A965E270048103A /* sampleCode_map.swift in Sources */ = {isa = PBXBuildFile; fileRef = 4C44429C2A965E270048103A /* sampleCode_map.swift */; };
		4C4442A02A9661BF0048103A /* TheatorViewController.swift in Sources */ = {isa = PBXBuildFile; fileRef = 4C44429F2A9661BF0048103A /* TheatorViewController.swift */; };
		4C46F18B2A99AE4E0080D05D /* NetflixViewController.swift in Sources */ = {isa = PBXBuildFile; fileRef = 4C46F18A2A99AE4E0080D05D /* NetflixViewController.swift */; };
		4C46F18D2A99B9700080D05D /* WhiteBoldLabel.swift in Sources */ = {isa = PBXBuildFile; fileRef = 4C46F18C2A99B9700080D05D /* WhiteBoldLabel.swift */; };
		4C46F18F2A99BDD10080D05D /* WhiteSubtitleButton.swift in Sources */ = {isa = PBXBuildFile; fileRef = 4C46F18E2A99BDD10080D05D /* WhiteSubtitleButton.swift */; };
		4C46F1912A99CD880080D05D /* PreviewImageView.swift in Sources */ = {isa = PBXBuildFile; fileRef = 4C46F1902A99CD880080D05D /* PreviewImageView.swift */; };
		4C46F1932A99D9EC0080D05D /* Netflix2ViewController.swift in Sources */ = {isa = PBXBuildFile; fileRef = 4C46F1922A99D9EC0080D05D /* Netflix2ViewController.swift */; };
		4C46F1952A99DB620080D05D /* GrayTextField.swift in Sources */ = {isa = PBXBuildFile; fileRef = 4C46F1942A99DB620080D05D /* GrayTextField.swift */; };
		4C8A8B9D2AB0C13D00ECF377 /* Obsevable.swift in Sources */ = {isa = PBXBuildFile; fileRef = 4C8A8B9C2AB0C13D00ECF377 /* Obsevable.swift */; };
		4C8A8BA02AB0C44800ECF377 /* Netflix2ViewModel.swift in Sources */ = {isa = PBXBuildFile; fileRef = 4C8A8B9F2AB0C44800ECF377 /* Netflix2ViewModel.swift */; };
		4CA2E85F2A94AEE800D3E203 /* Example1ViewController.swift in Sources */ = {isa = PBXBuildFile; fileRef = 4CA2E85E2A94AEE800D3E203 /* Example1ViewController.swift */; };
		4CA2E8612A95189B00D3E203 /* Example2ViewController.swift in Sources */ = {isa = PBXBuildFile; fileRef = 4CA2E8602A95189B00D3E203 /* Example2ViewController.swift */; };
		4CBC3D1E2A96F0EA00A196A7 /* GenericViewController.swift in Sources */ = {isa = PBXBuildFile; fileRef = 4CBC3D1D2A96F0EA00A196A7 /* GenericViewController.swift */; };
		4CBC3D202A96F12B00A196A7 /* Extension+UIViewController.swift in Sources */ = {isa = PBXBuildFile; fileRef = 4CBC3D1F2A96F12B00A196A7 /* Extension+UIViewController.swift */; };
		4CBC3D232A971CE400A196A7 /* CustomViewController.swift in Sources */ = {isa = PBXBuildFile; fileRef = 4CBC3D222A971CE400A196A7 /* CustomViewController.swift */; };
		4CBC3D252A971E9C00A196A7 /* BalckRadiusTextfield.swift in Sources */ = {isa = PBXBuildFile; fileRef = 4CBC3D242A971E9C00A196A7 /* BalckRadiusTextfield.swift */; };
		4CBC3D272A972A0F00A196A7 /* CustomTableViewController.swift in Sources */ = {isa = PBXBuildFile; fileRef = 4CBC3D262A972A0F00A196A7 /* CustomTableViewController.swift */; };
/* End PBXBuildFile section */

/* Begin PBXFileReference section */
		4C12B7152A930A0C00571DA3 /* SeSAC3Week6.app */ = {isa = PBXFileReference; explicitFileType = wrapper.application; includeInIndex = 0; path = SeSAC3Week6.app; sourceTree = BUILT_PRODUCTS_DIR; };
		4C12B7182A930A0C00571DA3 /* AppDelegate.swift */ = {isa = PBXFileReference; lastKnownFileType = sourcecode.swift; path = AppDelegate.swift; sourceTree = "<group>"; };
		4C12B71A2A930A0C00571DA3 /* SceneDelegate.swift */ = {isa = PBXFileReference; lastKnownFileType = sourcecode.swift; path = SceneDelegate.swift; sourceTree = "<group>"; };
		4C12B71C2A930A0C00571DA3 /* ViewController.swift */ = {isa = PBXFileReference; lastKnownFileType = sourcecode.swift; path = ViewController.swift; sourceTree = "<group>"; };
		4C12B7212A930A0D00571DA3 /* Assets.xcassets */ = {isa = PBXFileReference; lastKnownFileType = folder.assetcatalog; path = Assets.xcassets; sourceTree = "<group>"; };
		4C12B7242A930A0D00571DA3 /* Base */ = {isa = PBXFileReference; lastKnownFileType = file.storyboard; name = Base; path = Base.lproj/LaunchScreen.storyboard; sourceTree = "<group>"; };
		4C12B7262A930A0D00571DA3 /* Info.plist */ = {isa = PBXFileReference; lastKnownFileType = text.plist.xml; path = Info.plist; sourceTree = "<group>"; };
		4C1FE5162A982AE900D86206 /* CustomTableViewCell.swift */ = {isa = PBXFileReference; lastKnownFileType = sourcecode.swift; path = CustomTableViewCell.swift; sourceTree = "<group>"; };
		4C1FE5182A9840A200D86206 /* PosterImageView.swift */ = {isa = PBXFileReference; lastKnownFileType = sourcecode.swift; path = PosterImageView.swift; sourceTree = "<group>"; };
		4C1FE51B2A984B5500D86206 /* OnboardingViewController.swift */ = {isa = PBXFileReference; lastKnownFileType = sourcecode.swift; path = OnboardingViewController.swift; sourceTree = "<group>"; };
		4C2FDFED2A94466A00E8975B /* SnapViewController.swift */ = {isa = PBXFileReference; lastKnownFileType = sourcecode.swift; path = SnapViewController.swift; sourceTree = "<group>"; };
		4C2FDFF22A945CB200E8975B /* TextViewController.swift */ = {isa = PBXFileReference; lastKnownFileType = sourcecode.swift; path = TextViewController.swift; sourceTree = "<group>"; };
		4C2FDFF42A94793900E8975B /* LocationViewController.swift */ = {isa = PBXFileReference; lastKnownFileType = sourcecode.swift; path = LocationViewController.swift; sourceTree = "<group>"; };
		4C44429A2A964C600048103A /* Example3ViewController.swift */ = {isa = PBXFileReference; lastKnownFileType = sourcecode.swift; path = Example3ViewController.swift; sourceTree = "<group>"; };
		4C44429C2A965E270048103A /* sampleCode_map.swift */ = {isa = PBXFileReference; fileEncoding = 4; lastKnownFileType = sourcecode.swift; path = sampleCode_map.swift; sourceTree = "<group>"; };
		4C44429F2A9661BF0048103A /* TheatorViewController.swift */ = {isa = PBXFileReference; lastKnownFileType = sourcecode.swift; path = TheatorViewController.swift; sourceTree = "<group>"; };
		4C46F18A2A99AE4E0080D05D /* NetflixViewController.swift */ = {isa = PBXFileReference; lastKnownFileType = sourcecode.swift; path = NetflixViewController.swift; sourceTree = "<group>"; };
		4C46F18C2A99B9700080D05D /* WhiteBoldLabel.swift */ = {isa = PBXFileReference; lastKnownFileType = sourcecode.swift; path = WhiteBoldLabel.swift; sourceTree = "<group>"; };
		4C46F18E2A99BDD10080D05D /* WhiteSubtitleButton.swift */ = {isa = PBXFileReference; lastKnownFileType = sourcecode.swift; path = WhiteSubtitleButton.swift; sourceTree = "<group>"; };
		4C46F1902A99CD880080D05D /* PreviewImageView.swift */ = {isa = PBXFileReference; lastKnownFileType = sourcecode.swift; path = PreviewImageView.swift; sourceTree = "<group>"; };
		4C46F1922A99D9EC0080D05D /* Netflix2ViewController.swift */ = {isa = PBXFileReference; lastKnownFileType = sourcecode.swift; path = Netflix2ViewController.swift; sourceTree = "<group>"; };
		4C46F1942A99DB620080D05D /* GrayTextField.swift */ = {isa = PBXFileReference; lastKnownFileType = sourcecode.swift; path = GrayTextField.swift; sourceTree = "<group>"; };
		4C8A8B9C2AB0C13D00ECF377 /* Obsevable.swift */ = {isa = PBXFileReference; lastKnownFileType = sourcecode.swift; path = Obsevable.swift; sourceTree = "<group>"; };
		4C8A8B9F2AB0C44800ECF377 /* Netflix2ViewModel.swift */ = {isa = PBXFileReference; lastKnownFileType = sourcecode.swift; path = Netflix2ViewModel.swift; sourceTree = "<group>"; };
		4CA2E85E2A94AEE800D3E203 /* Example1ViewController.swift */ = {isa = PBXFileReference; lastKnownFileType = sourcecode.swift; path = Example1ViewController.swift; sourceTree = "<group>"; };
		4CA2E8602A95189B00D3E203 /* Example2ViewController.swift */ = {isa = PBXFileReference; lastKnownFileType = sourcecode.swift; path = Example2ViewController.swift; sourceTree = "<group>"; };
		4CBC3D1D2A96F0EA00A196A7 /* GenericViewController.swift */ = {isa = PBXFileReference; lastKnownFileType = sourcecode.swift; path = GenericViewController.swift; sourceTree = "<group>"; };
		4CBC3D1F2A96F12B00A196A7 /* Extension+UIViewController.swift */ = {isa = PBXFileReference; lastKnownFileType = sourcecode.swift; path = "Extension+UIViewController.swift"; sourceTree = "<group>"; };
		4CBC3D222A971CE400A196A7 /* CustomViewController.swift */ = {isa = PBXFileReference; lastKnownFileType = sourcecode.swift; path = CustomViewController.swift; sourceTree = "<group>"; };
		4CBC3D242A971E9C00A196A7 /* BalckRadiusTextfield.swift */ = {isa = PBXFileReference; lastKnownFileType = sourcecode.swift; path = BalckRadiusTextfield.swift; sourceTree = "<group>"; };
		4CBC3D262A972A0F00A196A7 /* CustomTableViewController.swift */ = {isa = PBXFileReference; lastKnownFileType = sourcecode.swift; path = CustomTableViewController.swift; sourceTree = "<group>"; };
/* End PBXFileReference section */

/* Begin PBXFrameworksBuildPhase section */
		4C12B7122A930A0C00571DA3 /* Frameworks */ = {
			isa = PBXFrameworksBuildPhase;
			buildActionMask = 2147483647;
			files = (
				4C2FDFF12A944F4800E8975B /* SnapKit in Frameworks */,
			);
			runOnlyForDeploymentPostprocessing = 0;
		};
/* End PBXFrameworksBuildPhase section */

/* Begin PBXGroup section */
		4C12B70C2A930A0C00571DA3 = {
			isa = PBXGroup;
			children = (
				4C12B7172A930A0C00571DA3 /* SeSAC3Week6 */,
				4C12B7162A930A0C00571DA3 /* Products */,
			);
			sourceTree = "<group>";
		};
		4C12B7162A930A0C00571DA3 /* Products */ = {
			isa = PBXGroup;
			children = (
				4C12B7152A930A0C00571DA3 /* SeSAC3Week6.app */,
			);
			name = Products;
			sourceTree = "<group>";
		};
		4C12B7172A930A0C00571DA3 /* SeSAC3Week6 */ = {
			isa = PBXGroup;
			children = (
				4C8A8B9E2AB0C3C800ECF377 /* MVVM */,
				4C1FE51A2A984B1300D86206 /* Onboarding */,
				4CBC3D212A971CB000A196A7 /* CustomView */,
				4CBC3D1C2A96F0D300A196A7 /* Generic */,
				4C44429E2A96618A0048103A /* TheatorLocationPin */,
				4CA2E85D2A94AEA700D3E203 /* CodeLayout */,
				4C46F1892A99ADCA0080D05D /* CodeLayout2_Custom */,
				4C2FDFEC2A94464100E8975B /* Test */,
				4C12B7182A930A0C00571DA3 /* AppDelegate.swift */,
				4C12B71A2A930A0C00571DA3 /* SceneDelegate.swift */,
				4C12B71C2A930A0C00571DA3 /* ViewController.swift */,
				4C12B7212A930A0D00571DA3 /* Assets.xcassets */,
				4C12B7232A930A0D00571DA3 /* LaunchScreen.storyboard */,
				4C12B7262A930A0D00571DA3 /* Info.plist */,
				4C2FDFF42A94793900E8975B /* LocationViewController.swift */,
			);
			path = SeSAC3Week6;
			sourceTree = "<group>";
		};
		4C1FE51A2A984B1300D86206 /* Onboarding */ = {
			isa = PBXGroup;
			children = (
				4C1FE51B2A984B5500D86206 /* OnboardingViewController.swift */,
			);
			path = Onboarding;
			sourceTree = "<group>";
		};
		4C2FDFEC2A94464100E8975B /* Test */ = {
			isa = PBXGroup;
			children = (
				4C2FDFED2A94466A00E8975B /* SnapViewController.swift */,
				4C2FDFF22A945CB200E8975B /* TextViewController.swift */,
			);
			path = Test;
			sourceTree = "<group>";
		};
		4C44429E2A96618A0048103A /* TheatorLocationPin */ = {
			isa = PBXGroup;
			children = (
				4C44429F2A9661BF0048103A /* TheatorViewController.swift */,
				4C44429C2A965E270048103A /* sampleCode_map.swift */,
			);
			path = TheatorLocationPin;
			sourceTree = "<group>";
		};
		4C46F1892A99ADCA0080D05D /* CodeLayout2_Custom */ = {
			isa = PBXGroup;
			children = (
				4C46F18A2A99AE4E0080D05D /* NetflixViewController.swift */,
				4C46F18C2A99B9700080D05D /* WhiteBoldLabel.swift */,
				4C46F18E2A99BDD10080D05D /* WhiteSubtitleButton.swift */,
				4C46F1902A99CD880080D05D /* PreviewImageView.swift */,
				4C46F1942A99DB620080D05D /* GrayTextField.swift */,
			);
			path = CodeLayout2_Custom;
			sourceTree = "<group>";
		};
		4C8A8B9E2AB0C3C800ECF377 /* MVVM */ = {
			isa = PBXGroup;
			children = (
				4C46F1922A99D9EC0080D05D /* Netflix2ViewController.swift */,
				4C8A8B9F2AB0C44800ECF377 /* Netflix2ViewModel.swift */,
				4C8A8B9C2AB0C13D00ECF377 /* Obsevable.swift */,
			);
			path = MVVM;
			sourceTree = "<group>";
		};
		4CA2E85D2A94AEA700D3E203 /* CodeLayout */ = {
			isa = PBXGroup;
			children = (
				4CA2E85E2A94AEE800D3E203 /* Example1ViewController.swift */,
				4CA2E8602A95189B00D3E203 /* Example2ViewController.swift */,
				4C44429A2A964C600048103A /* Example3ViewController.swift */,
			);
			path = CodeLayout;
			sourceTree = "<group>";
		};
		4CBC3D1C2A96F0D300A196A7 /* Generic */ = {
			isa = PBXGroup;
			children = (
				4CBC3D1D2A96F0EA00A196A7 /* GenericViewController.swift */,
				4CBC3D1F2A96F12B00A196A7 /* Extension+UIViewController.swift */,
			);
			path = Generic;
			sourceTree = "<group>";
		};
		4CBC3D212A971CB000A196A7 /* CustomView */ = {
			isa = PBXGroup;
			children = (
				4CBC3D262A972A0F00A196A7 /* CustomTableViewController.swift */,
				4C1FE5162A982AE900D86206 /* CustomTableViewCell.swift */,
				4CBC3D222A971CE400A196A7 /* CustomViewController.swift */,
				4CBC3D242A971E9C00A196A7 /* BalckRadiusTextfield.swift */,
				4C1FE5182A9840A200D86206 /* PosterImageView.swift */,
			);
			path = CustomView;
			sourceTree = "<group>";
		};
/* End PBXGroup section */

/* Begin PBXNativeTarget section */
		4C12B7142A930A0C00571DA3 /* SeSAC3Week6 */ = {
			isa = PBXNativeTarget;
			buildConfigurationList = 4C12B7292A930A0D00571DA3 /* Build configuration list for PBXNativeTarget "SeSAC3Week6" */;
			buildPhases = (
				4C12B7112A930A0C00571DA3 /* Sources */,
				4C12B7122A930A0C00571DA3 /* Frameworks */,
				4C12B7132A930A0C00571DA3 /* Resources */,
			);
			buildRules = (
			);
			dependencies = (
			);
			name = SeSAC3Week6;
			packageProductDependencies = (
				4C2FDFF02A944F4800E8975B /* SnapKit */,
			);
			productName = SeSAC3Week6;
			productReference = 4C12B7152A930A0C00571DA3 /* SeSAC3Week6.app */;
			productType = "com.apple.product-type.application";
		};
/* End PBXNativeTarget section */

/* Begin PBXProject section */
		4C12B70D2A930A0C00571DA3 /* Project object */ = {
			isa = PBXProject;
			attributes = {
				BuildIndependentTargetsInParallel = 1;
				LastSwiftUpdateCheck = 1430;
				LastUpgradeCheck = 1430;
				TargetAttributes = {
					4C12B7142A930A0C00571DA3 = {
						CreatedOnToolsVersion = 14.3.1;
					};
				};
			};
			buildConfigurationList = 4C12B7102A930A0C00571DA3 /* Build configuration list for PBXProject "SeSAC3Week6" */;
			compatibilityVersion = "Xcode 14.0";
			developmentRegion = en;
			hasScannedForEncodings = 0;
			knownRegions = (
				en,
				Base,
			);
			mainGroup = 4C12B70C2A930A0C00571DA3;
			packageReferences = (
				4C2FDFEF2A944F4800E8975B /* XCRemoteSwiftPackageReference "SnapKit" */,
			);
			productRefGroup = 4C12B7162A930A0C00571DA3 /* Products */;
			projectDirPath = "";
			projectRoot = "";
			targets = (
				4C12B7142A930A0C00571DA3 /* SeSAC3Week6 */,
			);
		};
/* End PBXProject section */

/* Begin PBXResourcesBuildPhase section */
		4C12B7132A930A0C00571DA3 /* Resources */ = {
			isa = PBXResourcesBuildPhase;
			buildActionMask = 2147483647;
			files = (
				4C12B7252A930A0D00571DA3 /* LaunchScreen.storyboard in Resources */,
				4C12B7222A930A0D00571DA3 /* Assets.xcassets in Resources */,
			);
			runOnlyForDeploymentPostprocessing = 0;
		};
/* End PBXResourcesBuildPhase section */

/* Begin PBXSourcesBuildPhase section */
		4C12B7112A930A0C00571DA3 /* Sources */ = {
			isa = PBXSourcesBuildPhase;
			buildActionMask = 2147483647;
			files = (
				4C2FDFF32A945CB200E8975B /* TextViewController.swift in Sources */,
				4C46F18F2A99BDD10080D05D /* WhiteSubtitleButton.swift in Sources */,
				4C46F1932A99D9EC0080D05D /* Netflix2ViewController.swift in Sources */,
				4C46F1912A99CD880080D05D /* PreviewImageView.swift in Sources */,
				4C46F18D2A99B9700080D05D /* WhiteBoldLabel.swift in Sources */,
				4C8A8BA02AB0C44800ECF377 /* Netflix2ViewModel.swift in Sources */,
				4C8A8B9D2AB0C13D00ECF377 /* Obsevable.swift in Sources */,
				4CBC3D232A971CE400A196A7 /* CustomViewController.swift in Sources */,
				4C44429B2A964C600048103A /* Example3ViewController.swift in Sources */,
				4C2FDFEE2A94466A00E8975B /* SnapViewController.swift in Sources */,
				4C1FE51C2A984B5500D86206 /* OnboardingViewController.swift in Sources */,
				4CBC3D252A971E9C00A196A7 /* BalckRadiusTextfield.swift in Sources */,
				4C46F1952A99DB620080D05D /* GrayTextField.swift in Sources */,
				4C12B71D2A930A0C00571DA3 /* ViewController.swift in Sources */,
				4C2FDFF52A94793900E8975B /* LocationViewController.swift in Sources */,
				4C1FE5192A9840A200D86206 /* PosterImageView.swift in Sources */,
				4CA2E8612A95189B00D3E203 /* Example2ViewController.swift in Sources */,
				4CBC3D1E2A96F0EA00A196A7 /* GenericViewController.swift in Sources */,
				4C1FE5172A982AE900D86206 /* CustomTableViewCell.swift in Sources */,
				4C4442A02A9661BF0048103A /* TheatorViewController.swift in Sources */,
				4CBC3D202A96F12B00A196A7 /* Extension+UIViewController.swift in Sources */,
				4CA2E85F2A94AEE800D3E203 /* Example1ViewController.swift in Sources */,
				4C46F18B2A99AE4E0080D05D /* NetflixViewController.swift in Sources */,
				4CBC3D272A972A0F00A196A7 /* CustomTableViewController.swift in Sources */,
				4C44429D2A965E270048103A /* sampleCode_map.swift in Sources */,
				4C12B7192A930A0C00571DA3 /* AppDelegate.swift in Sources */,
				4C12B71B2A930A0C00571DA3 /* SceneDelegate.swift in Sources */,
			);
			runOnlyForDeploymentPostprocessing = 0;
		};
/* End PBXSourcesBuildPhase section */

/* Begin PBXVariantGroup section */
		4C12B7232A930A0D00571DA3 /* LaunchScreen.storyboard */ = {
			isa = PBXVariantGroup;
			children = (
				4C12B7242A930A0D00571DA3 /* Base */,
			);
			name = LaunchScreen.storyboard;
			sourceTree = "<group>";
		};
/* End PBXVariantGroup section */

/* Begin XCBuildConfiguration section */
		4C12B7272A930A0D00571DA3 /* Debug */ = {
			isa = XCBuildConfiguration;
			buildSettings = {
				ALWAYS_SEARCH_USER_PATHS = NO;
				CLANG_ANALYZER_NONNULL = YES;
				CLANG_ANALYZER_NUMBER_OBJECT_CONVERSION = YES_AGGRESSIVE;
				CLANG_CXX_LANGUAGE_STANDARD = "gnu++20";
				CLANG_ENABLE_MODULES = YES;
				CLANG_ENABLE_OBJC_ARC = YES;
				CLANG_ENABLE_OBJC_WEAK = YES;
				CLANG_WARN_BLOCK_CAPTURE_AUTORELEASING = YES;
				CLANG_WARN_BOOL_CONVERSION = YES;
				CLANG_WARN_COMMA = YES;
				CLANG_WARN_CONSTANT_CONVERSION = YES;
				CLANG_WARN_DEPRECATED_OBJC_IMPLEMENTATIONS = YES;
				CLANG_WARN_DIRECT_OBJC_ISA_USAGE = YES_ERROR;
				CLANG_WARN_DOCUMENTATION_COMMENTS = YES;
				CLANG_WARN_EMPTY_BODY = YES;
				CLANG_WARN_ENUM_CONVERSION = YES;
				CLANG_WARN_INFINITE_RECURSION = YES;
				CLANG_WARN_INT_CONVERSION = YES;
				CLANG_WARN_NON_LITERAL_NULL_CONVERSION = YES;
				CLANG_WARN_OBJC_IMPLICIT_RETAIN_SELF = YES;
				CLANG_WARN_OBJC_LITERAL_CONVERSION = YES;
				CLANG_WARN_OBJC_ROOT_CLASS = YES_ERROR;
				CLANG_WARN_QUOTED_INCLUDE_IN_FRAMEWORK_HEADER = YES;
				CLANG_WARN_RANGE_LOOP_ANALYSIS = YES;
				CLANG_WARN_STRICT_PROTOTYPES = YES;
				CLANG_WARN_SUSPICIOUS_MOVE = YES;
				CLANG_WARN_UNGUARDED_AVAILABILITY = YES_AGGRESSIVE;
				CLANG_WARN_UNREACHABLE_CODE = YES;
				CLANG_WARN__DUPLICATE_METHOD_MATCH = YES;
				COPY_PHASE_STRIP = NO;
				DEBUG_INFORMATION_FORMAT = dwarf;
				ENABLE_STRICT_OBJC_MSGSEND = YES;
				ENABLE_TESTABILITY = YES;
				GCC_C_LANGUAGE_STANDARD = gnu11;
				GCC_DYNAMIC_NO_PIC = NO;
				GCC_NO_COMMON_BLOCKS = YES;
				GCC_OPTIMIZATION_LEVEL = 0;
				GCC_PREPROCESSOR_DEFINITIONS = (
					"DEBUG=1",
					"$(inherited)",
				);
				GCC_WARN_64_TO_32_BIT_CONVERSION = YES;
				GCC_WARN_ABOUT_RETURN_TYPE = YES_ERROR;
				GCC_WARN_UNDECLARED_SELECTOR = YES;
				GCC_WARN_UNINITIALIZED_AUTOS = YES_AGGRESSIVE;
				GCC_WARN_UNUSED_FUNCTION = YES;
				GCC_WARN_UNUSED_VARIABLE = YES;
				IPHONEOS_DEPLOYMENT_TARGET = 16.4;
				MTL_ENABLE_DEBUG_INFO = INCLUDE_SOURCE;
				MTL_FAST_MATH = YES;
				ONLY_ACTIVE_ARCH = YES;
				SDKROOT = iphoneos;
				SWIFT_ACTIVE_COMPILATION_CONDITIONS = DEBUG;
				SWIFT_OPTIMIZATION_LEVEL = "-Onone";
			};
			name = Debug;
		};
		4C12B7282A930A0D00571DA3 /* Release */ = {
			isa = XCBuildConfiguration;
			buildSettings = {
				ALWAYS_SEARCH_USER_PATHS = NO;
				CLANG_ANALYZER_NONNULL = YES;
				CLANG_ANALYZER_NUMBER_OBJECT_CONVERSION = YES_AGGRESSIVE;
				CLANG_CXX_LANGUAGE_STANDARD = "gnu++20";
				CLANG_ENABLE_MODULES = YES;
				CLANG_ENABLE_OBJC_ARC = YES;
				CLANG_ENABLE_OBJC_WEAK = YES;
				CLANG_WARN_BLOCK_CAPTURE_AUTORELEASING = YES;
				CLANG_WARN_BOOL_CONVERSION = YES;
				CLANG_WARN_COMMA = YES;
				CLANG_WARN_CONSTANT_CONVERSION = YES;
				CLANG_WARN_DEPRECATED_OBJC_IMPLEMENTATIONS = YES;
				CLANG_WARN_DIRECT_OBJC_ISA_USAGE = YES_ERROR;
				CLANG_WARN_DOCUMENTATION_COMMENTS = YES;
				CLANG_WARN_EMPTY_BODY = YES;
				CLANG_WARN_ENUM_CONVERSION = YES;
				CLANG_WARN_INFINITE_RECURSION = YES;
				CLANG_WARN_INT_CONVERSION = YES;
				CLANG_WARN_NON_LITERAL_NULL_CONVERSION = YES;
				CLANG_WARN_OBJC_IMPLICIT_RETAIN_SELF = YES;
				CLANG_WARN_OBJC_LITERAL_CONVERSION = YES;
				CLANG_WARN_OBJC_ROOT_CLASS = YES_ERROR;
				CLANG_WARN_QUOTED_INCLUDE_IN_FRAMEWORK_HEADER = YES;
				CLANG_WARN_RANGE_LOOP_ANALYSIS = YES;
				CLANG_WARN_STRICT_PROTOTYPES = YES;
				CLANG_WARN_SUSPICIOUS_MOVE = YES;
				CLANG_WARN_UNGUARDED_AVAILABILITY = YES_AGGRESSIVE;
				CLANG_WARN_UNREACHABLE_CODE = YES;
				CLANG_WARN__DUPLICATE_METHOD_MATCH = YES;
				COPY_PHASE_STRIP = NO;
				DEBUG_INFORMATION_FORMAT = "dwarf-with-dsym";
				ENABLE_NS_ASSERTIONS = NO;
				ENABLE_STRICT_OBJC_MSGSEND = YES;
				GCC_C_LANGUAGE_STANDARD = gnu11;
				GCC_NO_COMMON_BLOCKS = YES;
				GCC_WARN_64_TO_32_BIT_CONVERSION = YES;
				GCC_WARN_ABOUT_RETURN_TYPE = YES_ERROR;
				GCC_WARN_UNDECLARED_SELECTOR = YES;
				GCC_WARN_UNINITIALIZED_AUTOS = YES_AGGRESSIVE;
				GCC_WARN_UNUSED_FUNCTION = YES;
				GCC_WARN_UNUSED_VARIABLE = YES;
				IPHONEOS_DEPLOYMENT_TARGET = 16.4;
				MTL_ENABLE_DEBUG_INFO = NO;
				MTL_FAST_MATH = YES;
				SDKROOT = iphoneos;
				SWIFT_COMPILATION_MODE = wholemodule;
				SWIFT_OPTIMIZATION_LEVEL = "-O";
				VALIDATE_PRODUCT = YES;
			};
			name = Release;
		};
		4C12B72A2A930A0D00571DA3 /* Debug */ = {
			isa = XCBuildConfiguration;
			buildSettings = {
				ASSETCATALOG_COMPILER_APPICON_NAME = AppIcon;
				ASSETCATALOG_COMPILER_GLOBAL_ACCENT_COLOR_NAME = AccentColor;
				CODE_SIGN_STYLE = Automatic;
				CURRENT_PROJECT_VERSION = 1;
				DEVELOPMENT_TEAM = Z9S6MZGC9J;
				GENERATE_INFOPLIST_FILE = YES;
				INFOPLIST_FILE = SeSAC3Week6/Info.plist;
				INFOPLIST_KEY_NSLocationWhenInUseUsageDescription = "현재 날씨에 대한 정보를 가지고 오기 위해 위치 정보가 필요해요";
				INFOPLIST_KEY_UIApplicationSupportsIndirectInputEvents = YES;
				INFOPLIST_KEY_UILaunchStoryboardName = LaunchScreen;
				INFOPLIST_KEY_UISupportedInterfaceOrientations_iPad = "UIInterfaceOrientationPortrait UIInterfaceOrientationPortraitUpsideDown UIInterfaceOrientationLandscapeLeft UIInterfaceOrientationLandscapeRight";
				INFOPLIST_KEY_UISupportedInterfaceOrientations_iPhone = "UIInterfaceOrientationPortrait UIInterfaceOrientationLandscapeLeft UIInterfaceOrientationLandscapeRight";
				LD_RUNPATH_SEARCH_PATHS = (
					"$(inherited)",
					"@executable_path/Frameworks",
				);
				MARKETING_VERSION = 1.0;
				PRODUCT_BUNDLE_IDENTIFIER = com.sesac.SeSAC3Week6hhh;
				PRODUCT_NAME = "$(TARGET_NAME)";
				SWIFT_EMIT_LOC_STRINGS = YES;
				SWIFT_VERSION = 5.0;
				TARGETED_DEVICE_FAMILY = "1,2";
			};
			name = Debug;
		};
		4C12B72B2A930A0D00571DA3 /* Release */ = {
			isa = XCBuildConfiguration;
			buildSettings = {
				ASSETCATALOG_COMPILER_APPICON_NAME = AppIcon;
				ASSETCATALOG_COMPILER_GLOBAL_ACCENT_COLOR_NAME = AccentColor;
				CODE_SIGN_STYLE = Automatic;
				CURRENT_PROJECT_VERSION = 1;
				DEVELOPMENT_TEAM = Z9S6MZGC9J;
				GENERATE_INFOPLIST_FILE = YES;
				INFOPLIST_FILE = SeSAC3Week6/Info.plist;
				INFOPLIST_KEY_NSLocationWhenInUseUsageDescription = "현재 날씨에 대한 정보를 가지고 오기 위해 위치 정보가 필요해요";
				INFOPLIST_KEY_UIApplicationSupportsIndirectInputEvents = YES;
				INFOPLIST_KEY_UILaunchStoryboardName = LaunchScreen;
				INFOPLIST_KEY_UISupportedInterfaceOrientations_iPad = "UIInterfaceOrientationPortrait UIInterfaceOrientationPortraitUpsideDown UIInterfaceOrientationLandscapeLeft UIInterfaceOrientationLandscapeRight";
				INFOPLIST_KEY_UISupportedInterfaceOrientations_iPhone = "UIInterfaceOrientationPortrait UIInterfaceOrientationLandscapeLeft UIInterfaceOrientationLandscapeRight";
				LD_RUNPATH_SEARCH_PATHS = (
					"$(inherited)",
					"@executable_path/Frameworks",
				);
				MARKETING_VERSION = 1.0;
				PRODUCT_BUNDLE_IDENTIFIER = com.sesac.SeSAC3Week6hhh;
				PRODUCT_NAME = "$(TARGET_NAME)";
				SWIFT_EMIT_LOC_STRINGS = YES;
				SWIFT_VERSION = 5.0;
				TARGETED_DEVICE_FAMILY = "1,2";
			};
			name = Release;
		};
/* End XCBuildConfiguration section */

/* Begin XCConfigurationList section */
		4C12B7102A930A0C00571DA3 /* Build configuration list for PBXProject "SeSAC3Week6" */ = {
			isa = XCConfigurationList;
			buildConfigurations = (
				4C12B7272A930A0D00571DA3 /* Debug */,
				4C12B7282A930A0D00571DA3 /* Release */,
			);
			defaultConfigurationIsVisible = 0;
			defaultConfigurationName = Release;
		};
		4C12B7292A930A0D00571DA3 /* Build configuration list for PBXNativeTarget "SeSAC3Week6" */ = {
			isa = XCConfigurationList;
			buildConfigurations = (
				4C12B72A2A930A0D00571DA3 /* Debug */,
				4C12B72B2A930A0D00571DA3 /* Release */,
			);
			defaultConfigurationIsVisible = 0;
			defaultConfigurationName = Release;
		};
/* End XCConfigurationList section */

/* Begin XCRemoteSwiftPackageReference section */
		4C2FDFEF2A944F4800E8975B /* XCRemoteSwiftPackageReference "SnapKit" */ = {
			isa = XCRemoteSwiftPackageReference;
			repositoryURL = "https://github.com/SnapKit/SnapKit.git";
			requirement = {
				kind = upToNextMajorVersion;
				minimumVersion = 5.0.0;
			};
		};
/* End XCRemoteSwiftPackageReference section */

/* Begin XCSwiftPackageProductDependency section */
		4C2FDFF02A944F4800E8975B /* SnapKit */ = {
			isa = XCSwiftPackageProductDependency;
			package = 4C2FDFEF2A944F4800E8975B /* XCRemoteSwiftPackageReference "SnapKit" */;
			productName = SnapKit;
		};
/* End XCSwiftPackageProductDependency section */
	};
	rootObject = 4C12B70D2A930A0C00571DA3 /* Project object */;
}
