// !$*UTF8*$!
{
	archiveVersion = 1;
	classes = {
	};
	objectVersion = 56;
	objects = {

/* Begin PBXBuildFile section */
		4C23D0E62A6F9A58004EF91A /* CalendarViewController.swift in Sources */ = {isa = PBXBuildFile; fileRef = 4C23D0E52A6F9A58004EF91A /* CalendarViewController.swift */; };
		4C23D0E82A6FA290004EF91A /* LifeCycleViewController.swift in Sources */ = {isa = PBXBuildFile; fileRef = 4C23D0E72A6FA290004EF91A /* LifeCycleViewController.swift */; };
		4C564D582A6F5A6C00BBC7B7 /* FSCalendar in Frameworks */ = {isa = PBXBuildFile; productRef = 4C564D572A6F5A6C00BBC7B7 /* FSCalendar */; };
		4C564D5B2A6F5ACE00BBC7B7 /* TextFieldEffects in Frameworks */ = {isa = PBXBuildFile; productRef = 4C564D5A2A6F5ACE00BBC7B7 /* TextFieldEffects */; };
		4C564D5E2A6F5B2400BBC7B7 /* Kingfisher in Frameworks */ = {isa = PBXBuildFile; productRef = 4C564D5D2A6F5B2400BBC7B7 /* Kingfisher */; };
		4C564D612A6F5B7A00BBC7B7 /* IQKeyboardManagerSwift in Frameworks */ = {isa = PBXBuildFile; productRef = 4C564D602A6F5B7A00BBC7B7 /* IQKeyboardManagerSwift */; };
		4C6DFEBE2A6F935800F3DAE3 /* Enumeration.swift in Sources */ = {isa = PBXBuildFile; fileRef = 4C6DFEBD2A6F935800F3DAE3 /* Enumeration.swift */; };
		4C8313C02A6E3E83007E1611 /* TransitionViewController.swift in Sources */ = {isa = PBXBuildFile; fileRef = 4C8313BF2A6E3E83007E1611 /* TransitionViewController.swift */; };
		4CFA757C2A6E137C001944A0 /* AppDelegate.swift in Sources */ = {isa = PBXBuildFile; fileRef = 4CFA757B2A6E137C001944A0 /* AppDelegate.swift */; };
		4CFA757E2A6E137C001944A0 /* SceneDelegate.swift in Sources */ = {isa = PBXBuildFile; fileRef = 4CFA757D2A6E137C001944A0 /* SceneDelegate.swift */; };
		4CFA75802A6E137C001944A0 /* ViewController.swift in Sources */ = {isa = PBXBuildFile; fileRef = 4CFA757F2A6E137C001944A0 /* ViewController.swift */; };
		4CFA75832A6E137C001944A0 /* Main.storyboard in Resources */ = {isa = PBXBuildFile; fileRef = 4CFA75812A6E137C001944A0 /* Main.storyboard */; };
		4CFA75852A6E137C001944A0 /* Assets.xcassets in Resources */ = {isa = PBXBuildFile; fileRef = 4CFA75842A6E137C001944A0 /* Assets.xcassets */; };
		4CFA75882A6E137C001944A0 /* LaunchScreen.storyboard in Resources */ = {isa = PBXBuildFile; fileRef = 4CFA75862A6E137C001944A0 /* LaunchScreen.storyboard */; };
/* End PBXBuildFile section */

/* Begin PBXFileReference section */
		4C23D0E52A6F9A58004EF91A /* CalendarViewController.swift */ = {isa = PBXFileReference; lastKnownFileType = sourcecode.swift; path = CalendarViewController.swift; sourceTree = "<group>"; };
		4C23D0E72A6FA290004EF91A /* LifeCycleViewController.swift */ = {isa = PBXFileReference; lastKnownFileType = sourcecode.swift; path = LifeCycleViewController.swift; sourceTree = "<group>"; };
		4C6DFEBD2A6F935800F3DAE3 /* Enumeration.swift */ = {isa = PBXFileReference; lastKnownFileType = sourcecode.swift; path = Enumeration.swift; sourceTree = "<group>"; };
		4C8313BF2A6E3E83007E1611 /* TransitionViewController.swift */ = {isa = PBXFileReference; lastKnownFileType = sourcecode.swift; name = TransitionViewController.swift; path = SecondWeek/TransitionViewController.swift; sourceTree = SOURCE_ROOT; };
		4CFA75782A6E137C001944A0 /* SecondWeek.app */ = {isa = PBXFileReference; explicitFileType = wrapper.application; includeInIndex = 0; path = SecondWeek.app; sourceTree = BUILT_PRODUCTS_DIR; };
		4CFA757B2A6E137C001944A0 /* AppDelegate.swift */ = {isa = PBXFileReference; lastKnownFileType = sourcecode.swift; path = AppDelegate.swift; sourceTree = "<group>"; };
		4CFA757D2A6E137C001944A0 /* SceneDelegate.swift */ = {isa = PBXFileReference; lastKnownFileType = sourcecode.swift; path = SceneDelegate.swift; sourceTree = "<group>"; };
		4CFA757F2A6E137C001944A0 /* ViewController.swift */ = {isa = PBXFileReference; lastKnownFileType = sourcecode.swift; path = ViewController.swift; sourceTree = "<group>"; };
		4CFA75822A6E137C001944A0 /* Base */ = {isa = PBXFileReference; lastKnownFileType = file.storyboard; name = Base; path = Base.lproj/Main.storyboard; sourceTree = "<group>"; };
		4CFA75842A6E137C001944A0 /* Assets.xcassets */ = {isa = PBXFileReference; lastKnownFileType = folder.assetcatalog; path = Assets.xcassets; sourceTree = "<group>"; };
		4CFA75872A6E137C001944A0 /* Base */ = {isa = PBXFileReference; lastKnownFileType = file.storyboard; name = Base; path = Base.lproj/LaunchScreen.storyboard; sourceTree = "<group>"; };
		4CFA75892A6E137C001944A0 /* Info.plist */ = {isa = PBXFileReference; lastKnownFileType = text.plist.xml; path = Info.plist; sourceTree = "<group>"; };
/* End PBXFileReference section */

/* Begin PBXFrameworksBuildPhase section */
		4CFA75752A6E137C001944A0 /* Frameworks */ = {
			isa = PBXFrameworksBuildPhase;
			buildActionMask = 2147483647;
			files = (
				4C564D5E2A6F5B2400BBC7B7 /* Kingfisher in Frameworks */,
				4C564D612A6F5B7A00BBC7B7 /* IQKeyboardManagerSwift in Frameworks */,
				4C564D582A6F5A6C00BBC7B7 /* FSCalendar in Frameworks */,
				4C564D5B2A6F5ACE00BBC7B7 /* TextFieldEffects in Frameworks */,
			);
			runOnlyForDeploymentPostprocessing = 0;
		};
/* End PBXFrameworksBuildPhase section */

/* Begin PBXGroup section */
		4CFA756F2A6E137C001944A0 = {
			isa = PBXGroup;
			children = (
				4CFA757A2A6E137C001944A0 /* SecondWeek */,
				4CFA75792A6E137C001944A0 /* Products */,
			);
			sourceTree = "<group>";
		};
		4CFA75792A6E137C001944A0 /* Products */ = {
			isa = PBXGroup;
			children = (
				4CFA75782A6E137C001944A0 /* SecondWeek.app */,
			);
			name = Products;
			sourceTree = "<group>";
		};
		4CFA757A2A6E137C001944A0 /* SecondWeek */ = {
			isa = PBXGroup;
			children = (
				4CFA757B2A6E137C001944A0 /* AppDelegate.swift */,
				4CFA757D2A6E137C001944A0 /* SceneDelegate.swift */,
				4C23D0E52A6F9A58004EF91A /* CalendarViewController.swift */,
				4CFA757F2A6E137C001944A0 /* ViewController.swift */,
				4CFA75812A6E137C001944A0 /* Main.storyboard */,
				4C23D0E72A6FA290004EF91A /* LifeCycleViewController.swift */,
				4C6DFEBD2A6F935800F3DAE3 /* Enumeration.swift */,
				4C8313BF2A6E3E83007E1611 /* TransitionViewController.swift */,
				4CFA75842A6E137C001944A0 /* Assets.xcassets */,
				4CFA75862A6E137C001944A0 /* LaunchScreen.storyboard */,
				4CFA75892A6E137C001944A0 /* Info.plist */,
			);
			path = SecondWeek;
			sourceTree = "<group>";
		};
/* End PBXGroup section */

/* Begin PBXNativeTarget section */
		4CFA75772A6E137C001944A0 /* SecondWeek */ = {
			isa = PBXNativeTarget;
			buildConfigurationList = 4CFA758C2A6E137C001944A0 /* Build configuration list for PBXNativeTarget "SecondWeek" */;
			buildPhases = (
				4CFA75742A6E137C001944A0 /* Sources */,
				4CFA75752A6E137C001944A0 /* Frameworks */,
				4CFA75762A6E137C001944A0 /* Resources */,
			);
			buildRules = (
			);
			dependencies = (
			);
			name = SecondWeek;
			packageProductDependencies = (
				4C564D572A6F5A6C00BBC7B7 /* FSCalendar */,
				4C564D5A2A6F5ACE00BBC7B7 /* TextFieldEffects */,
				4C564D5D2A6F5B2400BBC7B7 /* Kingfisher */,
				4C564D602A6F5B7A00BBC7B7 /* IQKeyboardManagerSwift */,
			);
			productName = SecondWeek;
			productReference = 4CFA75782A6E137C001944A0 /* SecondWeek.app */;
			productType = "com.apple.product-type.application";
		};
/* End PBXNativeTarget section */

/* Begin PBXProject section */
		4CFA75702A6E137C001944A0 /* Project object */ = {
			isa = PBXProject;
			attributes = {
				BuildIndependentTargetsInParallel = 1;
				LastSwiftUpdateCheck = 1430;
				LastUpgradeCheck = 1430;
				TargetAttributes = {
					4CFA75772A6E137C001944A0 = {
						CreatedOnToolsVersion = 14.3.1;
					};
				};
			};
			buildConfigurationList = 4CFA75732A6E137C001944A0 /* Build configuration list for PBXProject "SecondWeek" */;
			compatibilityVersion = "Xcode 14.0";
			developmentRegion = en;
			hasScannedForEncodings = 0;
			knownRegions = (
				en,
				Base,
			);
			mainGroup = 4CFA756F2A6E137C001944A0;
			packageReferences = (
				4C564D562A6F5A6C00BBC7B7 /* XCRemoteSwiftPackageReference "FSCalendar" */,
				4C564D592A6F5ACE00BBC7B7 /* XCRemoteSwiftPackageReference "TextFieldEffects" */,
				4C564D5C2A6F5B2400BBC7B7 /* XCRemoteSwiftPackageReference "Kingfisher" */,
				4C564D5F2A6F5B7A00BBC7B7 /* XCRemoteSwiftPackageReference "IQKeyboardManager" */,
			);
			productRefGroup = 4CFA75792A6E137C001944A0 /* Products */;
			projectDirPath = "";
			projectRoot = "";
			targets = (
				4CFA75772A6E137C001944A0 /* SecondWeek */,
			);
		};
/* End PBXProject section */

/* Begin PBXResourcesBuildPhase section */
		4CFA75762A6E137C001944A0 /* Resources */ = {
			isa = PBXResourcesBuildPhase;
			buildActionMask = 2147483647;
			files = (
				4CFA75882A6E137C001944A0 /* LaunchScreen.storyboard in Resources */,
				4CFA75852A6E137C001944A0 /* Assets.xcassets in Resources */,
				4CFA75832A6E137C001944A0 /* Main.storyboard in Resources */,
			);
			runOnlyForDeploymentPostprocessing = 0;
		};
/* End PBXResourcesBuildPhase section */

/* Begin PBXSourcesBuildPhase section */
		4CFA75742A6E137C001944A0 /* Sources */ = {
			isa = PBXSourcesBuildPhase;
			buildActionMask = 2147483647;
			files = (
				4C23D0E62A6F9A58004EF91A /* CalendarViewController.swift in Sources */,
				4CFA75802A6E137C001944A0 /* ViewController.swift in Sources */,
				4C6DFEBE2A6F935800F3DAE3 /* Enumeration.swift in Sources */,
				4CFA757C2A6E137C001944A0 /* AppDelegate.swift in Sources */,
				4C23D0E82A6FA290004EF91A /* LifeCycleViewController.swift in Sources */,
				4CFA757E2A6E137C001944A0 /* SceneDelegate.swift in Sources */,
				4C8313C02A6E3E83007E1611 /* TransitionViewController.swift in Sources */,
			);
			runOnlyForDeploymentPostprocessing = 0;
		};
/* End PBXSourcesBuildPhase section */

/* Begin PBXVariantGroup section */
		4CFA75812A6E137C001944A0 /* Main.storyboard */ = {
			isa = PBXVariantGroup;
			children = (
				4CFA75822A6E137C001944A0 /* Base */,
			);
			name = Main.storyboard;
			sourceTree = "<group>";
		};
		4CFA75862A6E137C001944A0 /* LaunchScreen.storyboard */ = {
			isa = PBXVariantGroup;
			children = (
				4CFA75872A6E137C001944A0 /* Base */,
			);
			name = LaunchScreen.storyboard;
			sourceTree = "<group>";
		};
/* End PBXVariantGroup section */

/* Begin XCBuildConfiguration section */
		4CFA758A2A6E137C001944A0 /* Debug */ = {
			isa = XCBuildConfiguration;
			buildSettings = {
				ALWAYS_SEARCH_USER_PATHS = NO;
				CLANG_ANALYZER_NONNULL = YES;
				CLANG_ANALYZER_NUMBER_OBJECT_CONVERSION = YES_AGGRESSIVE;
				CLANG_CXX_LANGUAGE_STANDARD = "gnu++20";
				CLANG_ENABLE_MODULES = YES;
				CLANG_ENABLE_OBJC_ARC = YES;
				CLANG_ENABLE_OBJC_WEAK = YES;
				CLANG_WARN_BLOCK_CAPTURE_AUTORELEASING = YES;
				CLANG_WARN_BOOL_CONVERSION = YES;
				CLANG_WARN_COMMA = YES;
				CLANG_WARN_CONSTANT_CONVERSION = YES;
				CLANG_WARN_DEPRECATED_OBJC_IMPLEMENTATIONS = YES;
				CLANG_WARN_DIRECT_OBJC_ISA_USAGE = YES_ERROR;
				CLANG_WARN_DOCUMENTATION_COMMENTS = YES;
				CLANG_WARN_EMPTY_BODY = YES;
				CLANG_WARN_ENUM_CONVERSION = YES;
				CLANG_WARN_INFINITE_RECURSION = YES;
				CLANG_WARN_INT_CONVERSION = YES;
				CLANG_WARN_NON_LITERAL_NULL_CONVERSION = YES;
				CLANG_WARN_OBJC_IMPLICIT_RETAIN_SELF = YES;
				CLANG_WARN_OBJC_LITERAL_CONVERSION = YES;
				CLANG_WARN_OBJC_ROOT_CLASS = YES_ERROR;
				CLANG_WARN_QUOTED_INCLUDE_IN_FRAMEWORK_HEADER = YES;
				CLANG_WARN_RANGE_LOOP_ANALYSIS = YES;
				CLANG_WARN_STRICT_PROTOTYPES = YES;
				CLANG_WARN_SUSPICIOUS_MOVE = YES;
				CLANG_WARN_UNGUARDED_AVAILABILITY = YES_AGGRESSIVE;
				CLANG_WARN_UNREACHABLE_CODE = YES;
				CLANG_WARN__DUPLICATE_METHOD_MATCH = YES;
				COPY_PHASE_STRIP = NO;
				DEBUG_INFORMATION_FORMAT = dwarf;
				ENABLE_STRICT_OBJC_MSGSEND = YES;
				ENABLE_TESTABILITY = YES;
				GCC_C_LANGUAGE_STANDARD = gnu11;
				GCC_DYNAMIC_NO_PIC = NO;
				GCC_NO_COMMON_BLOCKS = YES;
				GCC_OPTIMIZATION_LEVEL = 0;
				GCC_PREPROCESSOR_DEFINITIONS = (
					"DEBUG=1",
					"$(inherited)",
				);
				GCC_WARN_64_TO_32_BIT_CONVERSION = YES;
				GCC_WARN_ABOUT_RETURN_TYPE = YES_ERROR;
				GCC_WARN_UNDECLARED_SELECTOR = YES;
				GCC_WARN_UNINITIALIZED_AUTOS = YES_AGGRESSIVE;
				GCC_WARN_UNUSED_FUNCTION = YES;
				GCC_WARN_UNUSED_VARIABLE = YES;
				IPHONEOS_DEPLOYMENT_TARGET = 16.4;
				MTL_ENABLE_DEBUG_INFO = INCLUDE_SOURCE;
				MTL_FAST_MATH = YES;
				ONLY_ACTIVE_ARCH = YES;
				SDKROOT = iphoneos;
				SWIFT_ACTIVE_COMPILATION_CONDITIONS = DEBUG;
				SWIFT_OPTIMIZATION_LEVEL = "-Onone";
			};
			name = Debug;
		};
		4CFA758B2A6E137C001944A0 /* Release */ = {
			isa = XCBuildConfiguration;
			buildSettings = {
				ALWAYS_SEARCH_USER_PATHS = NO;
				CLANG_ANALYZER_NONNULL = YES;
				CLANG_ANALYZER_NUMBER_OBJECT_CONVERSION = YES_AGGRESSIVE;
				CLANG_CXX_LANGUAGE_STANDARD = "gnu++20";
				CLANG_ENABLE_MODULES = YES;
				CLANG_ENABLE_OBJC_ARC = YES;
				CLANG_ENABLE_OBJC_WEAK = YES;
				CLANG_WARN_BLOCK_CAPTURE_AUTORELEASING = YES;
				CLANG_WARN_BOOL_CONVERSION = YES;
				CLANG_WARN_COMMA = YES;
				CLANG_WARN_CONSTANT_CONVERSION = YES;
				CLANG_WARN_DEPRECATED_OBJC_IMPLEMENTATIONS = YES;
				CLANG_WARN_DIRECT_OBJC_ISA_USAGE = YES_ERROR;
				CLANG_WARN_DOCUMENTATION_COMMENTS = YES;
				CLANG_WARN_EMPTY_BODY = YES;
				CLANG_WARN_ENUM_CONVERSION = YES;
				CLANG_WARN_INFINITE_RECURSION = YES;
				CLANG_WARN_INT_CONVERSION = YES;
				CLANG_WARN_NON_LITERAL_NULL_CONVERSION = YES;
				CLANG_WARN_OBJC_IMPLICIT_RETAIN_SELF = YES;
				CLANG_WARN_OBJC_LITERAL_CONVERSION = YES;
				CLANG_WARN_OBJC_ROOT_CLASS = YES_ERROR;
				CLANG_WARN_QUOTED_INCLUDE_IN_FRAMEWORK_HEADER = YES;
				CLANG_WARN_RANGE_LOOP_ANALYSIS = YES;
				CLANG_WARN_STRICT_PROTOTYPES = YES;
				CLANG_WARN_SUSPICIOUS_MOVE = YES;
				CLANG_WARN_UNGUARDED_AVAILABILITY = YES_AGGRESSIVE;
				CLANG_WARN_UNREACHABLE_CODE = YES;
				CLANG_WARN__DUPLICATE_METHOD_MATCH = YES;
				COPY_PHASE_STRIP = NO;
				DEBUG_INFORMATION_FORMAT = "dwarf-with-dsym";
				ENABLE_NS_ASSERTIONS = NO;
				ENABLE_STRICT_OBJC_MSGSEND = YES;
				GCC_C_LANGUAGE_STANDARD = gnu11;
				GCC_NO_COMMON_BLOCKS = YES;
				GCC_WARN_64_TO_32_BIT_CONVERSION = YES;
				GCC_WARN_ABOUT_RETURN_TYPE = YES_ERROR;
				GCC_WARN_UNDECLARED_SELECTOR = YES;
				GCC_WARN_UNINITIALIZED_AUTOS = YES_AGGRESSIVE;
				GCC_WARN_UNUSED_FUNCTION = YES;
				GCC_WARN_UNUSED_VARIABLE = YES;
				IPHONEOS_DEPLOYMENT_TARGET = 16.4;
				MTL_ENABLE_DEBUG_INFO = NO;
				MTL_FAST_MATH = YES;
				SDKROOT = iphoneos;
				SWIFT_COMPILATION_MODE = wholemodule;
				SWIFT_OPTIMIZATION_LEVEL = "-O";
				VALIDATE_PRODUCT = YES;
			};
			name = Release;
		};
		4CFA758D2A6E137C001944A0 /* Debug */ = {
			isa = XCBuildConfiguration;
			buildSettings = {
				ASSETCATALOG_COMPILER_APPICON_NAME = AppIcon;
				ASSETCATALOG_COMPILER_GLOBAL_ACCENT_COLOR_NAME = AccentColor;
				CODE_SIGN_STYLE = Automatic;
				CURRENT_PROJECT_VERSION = 1;
				DEVELOPMENT_TEAM = Z9S6MZGC9J;
				GENERATE_INFOPLIST_FILE = YES;
				INFOPLIST_FILE = SecondWeek/Info.plist;
				INFOPLIST_KEY_UIApplicationSupportsIndirectInputEvents = YES;
				INFOPLIST_KEY_UILaunchStoryboardName = LaunchScreen;
				INFOPLIST_KEY_UIMainStoryboardFile = Main;
				INFOPLIST_KEY_UISupportedInterfaceOrientations_iPad = "UIInterfaceOrientationPortrait UIInterfaceOrientationPortraitUpsideDown UIInterfaceOrientationLandscapeLeft UIInterfaceOrientationLandscapeRight";
				INFOPLIST_KEY_UISupportedInterfaceOrientations_iPhone = "UIInterfaceOrientationPortrait UIInterfaceOrientationLandscapeLeft UIInterfaceOrientationLandscapeRight";
				LD_RUNPATH_SEARCH_PATHS = (
					"$(inherited)",
					"@executable_path/Frameworks",
				);
				MARKETING_VERSION = 1.0;
				PRODUCT_BUNDLE_IDENTIFIER = com.sesac.SecondWeek;
				PRODUCT_NAME = "$(TARGET_NAME)";
				SWIFT_EMIT_LOC_STRINGS = YES;
				SWIFT_VERSION = 5.0;
				TARGETED_DEVICE_FAMILY = "1,2";
			};
			name = Debug;
		};
		4CFA758E2A6E137C001944A0 /* Release */ = {
			isa = XCBuildConfiguration;
			buildSettings = {
				ASSETCATALOG_COMPILER_APPICON_NAME = AppIcon;
				ASSETCATALOG_COMPILER_GLOBAL_ACCENT_COLOR_NAME = AccentColor;
				CODE_SIGN_STYLE = Automatic;
				CURRENT_PROJECT_VERSION = 1;
				DEVELOPMENT_TEAM = Z9S6MZGC9J;
				GENERATE_INFOPLIST_FILE = YES;
				INFOPLIST_FILE = SecondWeek/Info.plist;
				INFOPLIST_KEY_UIApplicationSupportsIndirectInputEvents = YES;
				INFOPLIST_KEY_UILaunchStoryboardName = LaunchScreen;
				INFOPLIST_KEY_UIMainStoryboardFile = Main;
				INFOPLIST_KEY_UISupportedInterfaceOrientations_iPad = "UIInterfaceOrientationPortrait UIInterfaceOrientationPortraitUpsideDown UIInterfaceOrientationLandscapeLeft UIInterfaceOrientationLandscapeRight";
				INFOPLIST_KEY_UISupportedInterfaceOrientations_iPhone = "UIInterfaceOrientationPortrait UIInterfaceOrientationLandscapeLeft UIInterfaceOrientationLandscapeRight";
				LD_RUNPATH_SEARCH_PATHS = (
					"$(inherited)",
					"@executable_path/Frameworks",
				);
				MARKETING_VERSION = 1.0;
				PRODUCT_BUNDLE_IDENTIFIER = com.sesac.SecondWeek;
				PRODUCT_NAME = "$(TARGET_NAME)";
				SWIFT_EMIT_LOC_STRINGS = YES;
				SWIFT_VERSION = 5.0;
				TARGETED_DEVICE_FAMILY = "1,2";
			};
			name = Release;
		};
/* End XCBuildConfiguration section */

/* Begin XCConfigurationList section */
		4CFA75732A6E137C001944A0 /* Build configuration list for PBXProject "SecondWeek" */ = {
			isa = XCConfigurationList;
			buildConfigurations = (
				4CFA758A2A6E137C001944A0 /* Debug */,
				4CFA758B2A6E137C001944A0 /* Release */,
			);
			defaultConfigurationIsVisible = 0;
			defaultConfigurationName = Release;
		};
		4CFA758C2A6E137C001944A0 /* Build configuration list for PBXNativeTarget "SecondWeek" */ = {
			isa = XCConfigurationList;
			buildConfigurations = (
				4CFA758D2A6E137C001944A0 /* Debug */,
				4CFA758E2A6E137C001944A0 /* Release */,
			);
			defaultConfigurationIsVisible = 0;
			defaultConfigurationName = Release;
		};
/* End XCConfigurationList section */

/* Begin XCRemoteSwiftPackageReference section */
		4C564D562A6F5A6C00BBC7B7 /* XCRemoteSwiftPackageReference "FSCalendar" */ = {
			isa = XCRemoteSwiftPackageReference;
			repositoryURL = "https://github.com/WenchaoD/FSCalendar.git";
			requirement = {
				kind = upToNextMajorVersion;
				minimumVersion = 2.0.0;
			};
		};
		4C564D592A6F5ACE00BBC7B7 /* XCRemoteSwiftPackageReference "TextFieldEffects" */ = {
			isa = XCRemoteSwiftPackageReference;
			repositoryURL = "https://github.com/raulriera/TextFieldEffects.git";
			requirement = {
				kind = upToNextMajorVersion;
				minimumVersion = 1.0.0;
			};
		};
		4C564D5C2A6F5B2400BBC7B7 /* XCRemoteSwiftPackageReference "Kingfisher" */ = {
			isa = XCRemoteSwiftPackageReference;
			repositoryURL = "https://github.com/onevcat/Kingfisher.git";
			requirement = {
				kind = upToNextMajorVersion;
				minimumVersion = 7.0.0;
			};
		};
		4C564D5F2A6F5B7A00BBC7B7 /* XCRemoteSwiftPackageReference "IQKeyboardManager" */ = {
			isa = XCRemoteSwiftPackageReference;
			repositoryURL = "https://github.com/hackiftekhar/IQKeyboardManager.git";
			requirement = {
				kind = upToNextMajorVersion;
				minimumVersion = 6.0.0;
			};
		};
/* End XCRemoteSwiftPackageReference section */

/* Begin XCSwiftPackageProductDependency section */
		4C564D572A6F5A6C00BBC7B7 /* FSCalendar */ = {
			isa = XCSwiftPackageProductDependency;
			package = 4C564D562A6F5A6C00BBC7B7 /* XCRemoteSwiftPackageReference "FSCalendar" */;
			productName = FSCalendar;
		};
		4C564D5A2A6F5ACE00BBC7B7 /* TextFieldEffects */ = {
			isa = XCSwiftPackageProductDependency;
			package = 4C564D592A6F5ACE00BBC7B7 /* XCRemoteSwiftPackageReference "TextFieldEffects" */;
			productName = TextFieldEffects;
		};
		4C564D5D2A6F5B2400BBC7B7 /* Kingfisher */ = {
			isa = XCSwiftPackageProductDependency;
			package = 4C564D5C2A6F5B2400BBC7B7 /* XCRemoteSwiftPackageReference "Kingfisher" */;
			productName = Kingfisher;
		};
		4C564D602A6F5B7A00BBC7B7 /* IQKeyboardManagerSwift */ = {
			isa = XCSwiftPackageProductDependency;
			package = 4C564D5F2A6F5B7A00BBC7B7 /* XCRemoteSwiftPackageReference "IQKeyboardManager" */;
			productName = IQKeyboardManagerSwift;
		};
/* End XCSwiftPackageProductDependency section */
	};
	rootObject = 4CFA75702A6E137C001944A0 /* Project object */;
}
