// !$*UTF8*$!
{
	archiveVersion = 1;
	classes = {
	};
	objectVersion = 56;
	objects = {

/* Begin PBXBuildFile section */
		4CA7C7EF2A9D92AB000FA519 /* SeSACPhotoFramework.docc in Sources */ = {isa = PBXBuildFile; fileRef = 4CA7C7EE2A9D92AB000FA519 /* SeSACPhotoFramework.docc */; };
		4CA7C7F52A9D92AB000FA519 /* SeSACPhotoFramework.framework in Frameworks */ = {isa = PBXBuildFile; fileRef = 4CA7C7EA2A9D92AB000FA519 /* SeSACPhotoFramework.framework */; };
		4CA7C7FA2A9D92AB000FA519 /* SeSACPhotoFrameworkTests.swift in Sources */ = {isa = PBXBuildFile; fileRef = 4CA7C7F92A9D92AB000FA519 /* SeSACPhotoFrameworkTests.swift */; };
		4CA7C7FB2A9D92AB000FA519 /* SeSACPhotoFramework.h in Headers */ = {isa = PBXBuildFile; fileRef = 4CA7C7ED2A9D92AB000FA519 /* SeSACPhotoFramework.h */; settings = {ATTRIBUTES = (Public, ); }; };
/* End PBXBuildFile section */

/* Begin PBXContainerItemProxy section */
		4CA7C7F62A9D92AB000FA519 /* PBXContainerItemProxy */ = {
			isa = PBXContainerItemProxy;
			containerPortal = 4CA7C7E12A9D92AB000FA519 /* Project object */;
			proxyType = 1;
			remoteGlobalIDString = 4CA7C7E92A9D92AB000FA519;
			remoteInfo = SeSACPhotoFramework;
		};
/* End PBXContainerItemProxy section */

/* Begin PBXFileReference section */
		4CA7C7EA2A9D92AB000FA519 /* SeSACPhotoFramework.framework */ = {isa = PBXFileReference; explicitFileType = wrapper.framework; includeInIndex = 0; path = SeSACPhotoFramework.framework; sourceTree = BUILT_PRODUCTS_DIR; };
		4CA7C7ED2A9D92AB000FA519 /* SeSACPhotoFramework.h */ = {isa = PBXFileReference; lastKnownFileType = sourcecode.c.h; path = SeSACPhotoFramework.h; sourceTree = "<group>"; };
		4CA7C7EE2A9D92AB000FA519 /* SeSACPhotoFramework.docc */ = {isa = PBXFileReference; lastKnownFileType = folder.documentationcatalog; path = SeSACPhotoFramework.docc; sourceTree = "<group>"; };
		4CA7C7F42A9D92AB000FA519 /* SeSACPhotoFrameworkTests.xctest */ = {isa = PBXFileReference; explicitFileType = wrapper.cfbundle; includeInIndex = 0; path = SeSACPhotoFrameworkTests.xctest; sourceTree = BUILT_PRODUCTS_DIR; };
		4CA7C7F92A9D92AB000FA519 /* SeSACPhotoFrameworkTests.swift */ = {isa = PBXFileReference; lastKnownFileType = sourcecode.swift; path = SeSACPhotoFrameworkTests.swift; sourceTree = "<group>"; };
/* End PBXFileReference section */

/* Begin PBXFrameworksBuildPhase section */
		4CA7C7E72A9D92AB000FA519 /* Frameworks */ = {
			isa = PBXFrameworksBuildPhase;
			buildActionMask = 2147483647;
			files = (
			);
			runOnlyForDeploymentPostprocessing = 0;
		};
		4CA7C7F12A9D92AB000FA519 /* Frameworks */ = {
			isa = PBXFrameworksBuildPhase;
			buildActionMask = 2147483647;
			files = (
				4CA7C7F52A9D92AB000FA519 /* SeSACPhotoFramework.framework in Frameworks */,
			);
			runOnlyForDeploymentPostprocessing = 0;
		};
/* End PBXFrameworksBuildPhase section */

/* Begin PBXGroup section */
		4CA7C7E02A9D92AB000FA519 = {
			isa = PBXGroup;
			children = (
				4CA7C7EC2A9D92AB000FA519 /* SeSACPhotoFramework */,
				4CA7C7F82A9D92AB000FA519 /* SeSACPhotoFrameworkTests */,
				4CA7C7EB2A9D92AB000FA519 /* Products */,
			);
			sourceTree = "<group>";
		};
		4CA7C7EB2A9D92AB000FA519 /* Products */ = {
			isa = PBXGroup;
			children = (
				4CA7C7EA2A9D92AB000FA519 /* SeSACPhotoFramework.framework */,
				4CA7C7F42A9D92AB000FA519 /* SeSACPhotoFrameworkTests.xctest */,
			);
			name = Products;
			sourceTree = "<group>";
		};
		4CA7C7EC2A9D92AB000FA519 /* SeSACPhotoFramework */ = {
			isa = PBXGroup;
			children = (
				4CA7C7ED2A9D92AB000FA519 /* SeSACPhotoFramework.h */,
				4CA7C7EE2A9D92AB000FA519 /* SeSACPhotoFramework.docc */,
			);
			path = SeSACPhotoFramework;
			sourceTree = "<group>";
		};
		4CA7C7F82A9D92AB000FA519 /* SeSACPhotoFrameworkTests */ = {
			isa = PBXGroup;
			children = (
				4CA7C7F92A9D92AB000FA519 /* SeSACPhotoFrameworkTests.swift */,
			);
			path = SeSACPhotoFrameworkTests;
			sourceTree = "<group>";
		};
/* End PBXGroup section */

/* Begin PBXHeadersBuildPhase section */
		4CA7C7E52A9D92AB000FA519 /* Headers */ = {
			isa = PBXHeadersBuildPhase;
			buildActionMask = 2147483647;
			files = (
				4CA7C7FB2A9D92AB000FA519 /* SeSACPhotoFramework.h in Headers */,
			);
			runOnlyForDeploymentPostprocessing = 0;
		};
/* End PBXHeadersBuildPhase section */

/* Begin PBXNativeTarget section */
		4CA7C7E92A9D92AB000FA519 /* SeSACPhotoFramework */ = {
			isa = PBXNativeTarget;
			buildConfigurationList = 4CA7C7FE2A9D92AB000FA519 /* Build configuration list for PBXNativeTarget "SeSACPhotoFramework" */;
			buildPhases = (
				4CA7C7E52A9D92AB000FA519 /* Headers */,
				4CA7C7E62A9D92AB000FA519 /* Sources */,
				4CA7C7E72A9D92AB000FA519 /* Frameworks */,
				4CA7C7E82A9D92AB000FA519 /* Resources */,
			);
			buildRules = (
			);
			dependencies = (
			);
			name = SeSACPhotoFramework;
			productName = SeSACPhotoFramework;
			productReference = 4CA7C7EA2A9D92AB000FA519 /* SeSACPhotoFramework.framework */;
			productType = "com.apple.product-type.framework";
		};
		4CA7C7F32A9D92AB000FA519 /* SeSACPhotoFrameworkTests */ = {
			isa = PBXNativeTarget;
			buildConfigurationList = 4CA7C8012A9D92AB000FA519 /* Build configuration list for PBXNativeTarget "SeSACPhotoFrameworkTests" */;
			buildPhases = (
				4CA7C7F02A9D92AB000FA519 /* Sources */,
				4CA7C7F12A9D92AB000FA519 /* Frameworks */,
				4CA7C7F22A9D92AB000FA519 /* Resources */,
			);
			buildRules = (
			);
			dependencies = (
				4CA7C7F72A9D92AB000FA519 /* PBXTargetDependency */,
			);
			name = SeSACPhotoFrameworkTests;
			productName = SeSACPhotoFrameworkTests;
			productReference = 4CA7C7F42A9D92AB000FA519 /* SeSACPhotoFrameworkTests.xctest */;
			productType = "com.apple.product-type.bundle.unit-test";
		};
/* End PBXNativeTarget section */

/* Begin PBXProject section */
		4CA7C7E12A9D92AB000FA519 /* Project object */ = {
			isa = PBXProject;
			attributes = {
				BuildIndependentTargetsInParallel = 1;
				LastSwiftUpdateCheck = 1430;
				LastUpgradeCheck = 1430;
				TargetAttributes = {
					4CA7C7E92A9D92AB000FA519 = {
						CreatedOnToolsVersion = 14.3.1;
					};
					4CA7C7F32A9D92AB000FA519 = {
						CreatedOnToolsVersion = 14.3.1;
					};
				};
			};
			buildConfigurationList = 4CA7C7E42A9D92AB000FA519 /* Build configuration list for PBXProject "SeSACPhotoFramework" */;
			compatibilityVersion = "Xcode 14.0";
			developmentRegion = en;
			hasScannedForEncodings = 0;
			knownRegions = (
				en,
				Base,
			);
			mainGroup = 4CA7C7E02A9D92AB000FA519;
			productRefGroup = 4CA7C7EB2A9D92AB000FA519 /* Products */;
			projectDirPath = "";
			projectRoot = "";
			targets = (
				4CA7C7E92A9D92AB000FA519 /* SeSACPhotoFramework */,
				4CA7C7F32A9D92AB000FA519 /* SeSACPhotoFrameworkTests */,
			);
		};
/* End PBXProject section */

/* Begin PBXResourcesBuildPhase section */
		4CA7C7E82A9D92AB000FA519 /* Resources */ = {
			isa = PBXResourcesBuildPhase;
			buildActionMask = 2147483647;
			files = (
			);
			runOnlyForDeploymentPostprocessing = 0;
		};
		4CA7C7F22A9D92AB000FA519 /* Resources */ = {
			isa = PBXResourcesBuildPhase;
			buildActionMask = 2147483647;
			files = (
			);
			runOnlyForDeploymentPostprocessing = 0;
		};
/* End PBXResourcesBuildPhase section */

/* Begin PBXSourcesBuildPhase section */
		4CA7C7E62A9D92AB000FA519 /* Sources */ = {
			isa = PBXSourcesBuildPhase;
			buildActionMask = 2147483647;
			files = (
				4CA7C7EF2A9D92AB000FA519 /* SeSACPhotoFramework.docc in Sources */,
			);
			runOnlyForDeploymentPostprocessing = 0;
		};
		4CA7C7F02A9D92AB000FA519 /* Sources */ = {
			isa = PBXSourcesBuildPhase;
			buildActionMask = 2147483647;
			files = (
				4CA7C7FA2A9D92AB000FA519 /* SeSACPhotoFrameworkTests.swift in Sources */,
			);
			runOnlyForDeploymentPostprocessing = 0;
		};
/* End PBXSourcesBuildPhase section */

/* Begin PBXTargetDependency section */
		4CA7C7F72A9D92AB000FA519 /* PBXTargetDependency */ = {
			isa = PBXTargetDependency;
			target = 4CA7C7E92A9D92AB000FA519 /* SeSACPhotoFramework */;
			targetProxy = 4CA7C7F62A9D92AB000FA519 /* PBXContainerItemProxy */;
		};
/* End PBXTargetDependency section */

/* Begin XCBuildConfiguration section */
		4CA7C7FC2A9D92AB000FA519 /* Debug */ = {
			isa = XCBuildConfiguration;
			buildSettings = {
				ALWAYS_SEARCH_USER_PATHS = NO;
				CLANG_ANALYZER_NONNULL = YES;
				CLANG_ANALYZER_NUMBER_OBJECT_CONVERSION = YES_AGGRESSIVE;
				CLANG_CXX_LANGUAGE_STANDARD = "gnu++20";
				CLANG_ENABLE_MODULES = YES;
				CLANG_ENABLE_OBJC_ARC = YES;
				CLANG_ENABLE_OBJC_WEAK = YES;
				CLANG_WARN_BLOCK_CAPTURE_AUTORELEASING = YES;
				CLANG_WARN_BOOL_CONVERSION = YES;
				CLANG_WARN_COMMA = YES;
				CLANG_WARN_CONSTANT_CONVERSION = YES;
				CLANG_WARN_DEPRECATED_OBJC_IMPLEMENTATIONS = YES;
				CLANG_WARN_DIRECT_OBJC_ISA_USAGE = YES_ERROR;
				CLANG_WARN_DOCUMENTATION_COMMENTS = YES;
				CLANG_WARN_EMPTY_BODY = YES;
				CLANG_WARN_ENUM_CONVERSION = YES;
				CLANG_WARN_INFINITE_RECURSION = YES;
				CLANG_WARN_INT_CONVERSION = YES;
				CLANG_WARN_NON_LITERAL_NULL_CONVERSION = YES;
				CLANG_WARN_OBJC_IMPLICIT_RETAIN_SELF = YES;
				CLANG_WARN_OBJC_LITERAL_CONVERSION = YES;
				CLANG_WARN_OBJC_ROOT_CLASS = YES_ERROR;
				CLANG_WARN_QUOTED_INCLUDE_IN_FRAMEWORK_HEADER = YES;
				CLANG_WARN_RANGE_LOOP_ANALYSIS = YES;
				CLANG_WARN_STRICT_PROTOTYPES = YES;
				CLANG_WARN_SUSPICIOUS_MOVE = YES;
				CLANG_WARN_UNGUARDED_AVAILABILITY = YES_AGGRESSIVE;
				CLANG_WARN_UNREACHABLE_CODE = YES;
				CLANG_WARN__DUPLICATE_METHOD_MATCH = YES;
				COPY_PHASE_STRIP = NO;
				CURRENT_PROJECT_VERSION = 1;
				DEBUG_INFORMATION_FORMAT = dwarf;
				ENABLE_STRICT_OBJC_MSGSEND = YES;
				ENABLE_TESTABILITY = YES;
				GCC_C_LANGUAGE_STANDARD = gnu11;
				GCC_DYNAMIC_NO_PIC = NO;
				GCC_NO_COMMON_BLOCKS = YES;
				GCC_OPTIMIZATION_LEVEL = 0;
				GCC_PREPROCESSOR_DEFINITIONS = (
					"DEBUG=1",
					"$(inherited)",
				);
				GCC_WARN_64_TO_32_BIT_CONVERSION = YES;
				GCC_WARN_ABOUT_RETURN_TYPE = YES_ERROR;
				GCC_WARN_UNDECLARED_SELECTOR = YES;
				GCC_WARN_UNINITIALIZED_AUTOS = YES_AGGRESSIVE;
				GCC_WARN_UNUSED_FUNCTION = YES;
				GCC_WARN_UNUSED_VARIABLE = YES;
				IPHONEOS_DEPLOYMENT_TARGET = 16.4;
				MTL_ENABLE_DEBUG_INFO = INCLUDE_SOURCE;
				MTL_FAST_MATH = YES;
				ONLY_ACTIVE_ARCH = YES;
				SDKROOT = iphoneos;
				SWIFT_ACTIVE_COMPILATION_CONDITIONS = DEBUG;
				SWIFT_OPTIMIZATION_LEVEL = "-Onone";
				VERSIONING_SYSTEM = "apple-generic";
				VERSION_INFO_PREFIX = "";
			};
			name = Debug;
		};
		4CA7C7FD2A9D92AB000FA519 /* Release */ = {
			isa = XCBuildConfiguration;
			buildSettings = {
				ALWAYS_SEARCH_USER_PATHS = NO;
				CLANG_ANALYZER_NONNULL = YES;
				CLANG_ANALYZER_NUMBER_OBJECT_CONVERSION = YES_AGGRESSIVE;
				CLANG_CXX_LANGUAGE_STANDARD = "gnu++20";
				CLANG_ENABLE_MODULES = YES;
				CLANG_ENABLE_OBJC_ARC = YES;
				CLANG_ENABLE_OBJC_WEAK = YES;
				CLANG_WARN_BLOCK_CAPTURE_AUTORELEASING = YES;
				CLANG_WARN_BOOL_CONVERSION = YES;
				CLANG_WARN_COMMA = YES;
				CLANG_WARN_CONSTANT_CONVERSION = YES;
				CLANG_WARN_DEPRECATED_OBJC_IMPLEMENTATIONS = YES;
				CLANG_WARN_DIRECT_OBJC_ISA_USAGE = YES_ERROR;
				CLANG_WARN_DOCUMENTATION_COMMENTS = YES;
				CLANG_WARN_EMPTY_BODY = YES;
				CLANG_WARN_ENUM_CONVERSION = YES;
				CLANG_WARN_INFINITE_RECURSION = YES;
				CLANG_WARN_INT_CONVERSION = YES;
				CLANG_WARN_NON_LITERAL_NULL_CONVERSION = YES;
				CLANG_WARN_OBJC_IMPLICIT_RETAIN_SELF = YES;
				CLANG_WARN_OBJC_LITERAL_CONVERSION = YES;
				CLANG_WARN_OBJC_ROOT_CLASS = YES_ERROR;
				CLANG_WARN_QUOTED_INCLUDE_IN_FRAMEWORK_HEADER = YES;
				CLANG_WARN_RANGE_LOOP_ANALYSIS = YES;
				CLANG_WARN_STRICT_PROTOTYPES = YES;
				CLANG_WARN_SUSPICIOUS_MOVE = YES;
				CLANG_WARN_UNGUARDED_AVAILABILITY = YES_AGGRESSIVE;
				CLANG_WARN_UNREACHABLE_CODE = YES;
				CLANG_WARN__DUPLICATE_METHOD_MATCH = YES;
				COPY_PHASE_STRIP = NO;
				CURRENT_PROJECT_VERSION = 1;
				DEBUG_INFORMATION_FORMAT = "dwarf-with-dsym";
				ENABLE_NS_ASSERTIONS = NO;
				ENABLE_STRICT_OBJC_MSGSEND = YES;
				GCC_C_LANGUAGE_STANDARD = gnu11;
				GCC_NO_COMMON_BLOCKS = YES;
				GCC_WARN_64_TO_32_BIT_CONVERSION = YES;
				GCC_WARN_ABOUT_RETURN_TYPE = YES_ERROR;
				GCC_WARN_UNDECLARED_SELECTOR = YES;
				GCC_WARN_UNINITIALIZED_AUTOS = YES_AGGRESSIVE;
				GCC_WARN_UNUSED_FUNCTION = YES;
				GCC_WARN_UNUSED_VARIABLE = YES;
				IPHONEOS_DEPLOYMENT_TARGET = 16.4;
				MTL_ENABLE_DEBUG_INFO = NO;
				MTL_FAST_MATH = YES;
				SDKROOT = iphoneos;
				SWIFT_COMPILATION_MODE = wholemodule;
				SWIFT_OPTIMIZATION_LEVEL = "-O";
				VALIDATE_PRODUCT = YES;
				VERSIONING_SYSTEM = "apple-generic";
				VERSION_INFO_PREFIX = "";
			};
			name = Release;
		};
		4CA7C7FF2A9D92AB000FA519 /* Debug */ = {
			isa = XCBuildConfiguration;
			buildSettings = {
				CODE_SIGN_STYLE = Automatic;
				CURRENT_PROJECT_VERSION = 1;
				DEFINES_MODULE = YES;
				DEVELOPMENT_TEAM = Z9S6MZGC9J;
				DYLIB_COMPATIBILITY_VERSION = 1;
				DYLIB_CURRENT_VERSION = 1;
				DYLIB_INSTALL_NAME_BASE = "@rpath";
				ENABLE_MODULE_VERIFIER = YES;
				GENERATE_INFOPLIST_FILE = YES;
				INFOPLIST_KEY_NSHumanReadableCopyright = "";
				INSTALL_PATH = "$(LOCAL_LIBRARY_DIR)/Frameworks";
				LD_RUNPATH_SEARCH_PATHS = (
					"$(inherited)",
					"@executable_path/Frameworks",
					"@loader_path/Frameworks",
				);
				MARKETING_VERSION = 1.0;
				MODULE_VERIFIER_SUPPORTED_LANGUAGES = "objective-c objective-c++";
				MODULE_VERIFIER_SUPPORTED_LANGUAGE_STANDARDS = "gnu11 gnu++20";
				PRODUCT_BUNDLE_IDENTIFIER = com.sesac.SeSACPhotoFramework;
				PRODUCT_NAME = "$(TARGET_NAME:c99extidentifier)";
				SKIP_INSTALL = YES;
				SWIFT_EMIT_LOC_STRINGS = YES;
				SWIFT_VERSION = 5.0;
				TARGETED_DEVICE_FAMILY = "1,2";
			};
			name = Debug;
		};
		4CA7C8002A9D92AB000FA519 /* Release */ = {
			isa = XCBuildConfiguration;
			buildSettings = {
				CODE_SIGN_STYLE = Automatic;
				CURRENT_PROJECT_VERSION = 1;
				DEFINES_MODULE = YES;
				DEVELOPMENT_TEAM = Z9S6MZGC9J;
				DYLIB_COMPATIBILITY_VERSION = 1;
				DYLIB_CURRENT_VERSION = 1;
				DYLIB_INSTALL_NAME_BASE = "@rpath";
				ENABLE_MODULE_VERIFIER = YES;
				GENERATE_INFOPLIST_FILE = YES;
				INFOPLIST_KEY_NSHumanReadableCopyright = "";
				INSTALL_PATH = "$(LOCAL_LIBRARY_DIR)/Frameworks";
				LD_RUNPATH_SEARCH_PATHS = (
					"$(inherited)",
					"@executable_path/Frameworks",
					"@loader_path/Frameworks",
				);
				MARKETING_VERSION = 1.0;
				MODULE_VERIFIER_SUPPORTED_LANGUAGES = "objective-c objective-c++";
				MODULE_VERIFIER_SUPPORTED_LANGUAGE_STANDARDS = "gnu11 gnu++20";
				PRODUCT_BUNDLE_IDENTIFIER = com.sesac.SeSACPhotoFramework;
				PRODUCT_NAME = "$(TARGET_NAME:c99extidentifier)";
				SKIP_INSTALL = YES;
				SWIFT_EMIT_LOC_STRINGS = YES;
				SWIFT_VERSION = 5.0;
				TARGETED_DEVICE_FAMILY = "1,2";
			};
			name = Release;
		};
		4CA7C8022A9D92AB000FA519 /* Debug */ = {
			isa = XCBuildConfiguration;
			buildSettings = {
				CODE_SIGN_STYLE = Automatic;
				CURRENT_PROJECT_VERSION = 1;
				DEVELOPMENT_TEAM = Z9S6MZGC9J;
				GENERATE_INFOPLIST_FILE = YES;
				MARKETING_VERSION = 1.0;
				PRODUCT_BUNDLE_IDENTIFIER = com.sesac.SeSACPhotoFrameworkTests;
				PRODUCT_NAME = "$(TARGET_NAME)";
				SWIFT_EMIT_LOC_STRINGS = NO;
				SWIFT_VERSION = 5.0;
				TARGETED_DEVICE_FAMILY = "1,2";
			};
			name = Debug;
		};
		4CA7C8032A9D92AB000FA519 /* Release */ = {
			isa = XCBuildConfiguration;
			buildSettings = {
				CODE_SIGN_STYLE = Automatic;
				CURRENT_PROJECT_VERSION = 1;
				DEVELOPMENT_TEAM = Z9S6MZGC9J;
				GENERATE_INFOPLIST_FILE = YES;
				MARKETING_VERSION = 1.0;
				PRODUCT_BUNDLE_IDENTIFIER = com.sesac.SeSACPhotoFrameworkTests;
				PRODUCT_NAME = "$(TARGET_NAME)";
				SWIFT_EMIT_LOC_STRINGS = NO;
				SWIFT_VERSION = 5.0;
				TARGETED_DEVICE_FAMILY = "1,2";
			};
			name = Release;
		};
/* End XCBuildConfiguration section */

/* Begin XCConfigurationList section */
		4CA7C7E42A9D92AB000FA519 /* Build configuration list for PBXProject "SeSACPhotoFramework" */ = {
			isa = XCConfigurationList;
			buildConfigurations = (
				4CA7C7FC2A9D92AB000FA519 /* Debug */,
				4CA7C7FD2A9D92AB000FA519 /* Release */,
			);
			defaultConfigurationIsVisible = 0;
			defaultConfigurationName = Release;
		};
		4CA7C7FE2A9D92AB000FA519 /* Build configuration list for PBXNativeTarget "SeSACPhotoFramework" */ = {
			isa = XCConfigurationList;
			buildConfigurations = (
				4CA7C7FF2A9D92AB000FA519 /* Debug */,
				4CA7C8002A9D92AB000FA519 /* Release */,
			);
			defaultConfigurationIsVisible = 0;
			defaultConfigurationName = Release;
		};
		4CA7C8012A9D92AB000FA519 /* Build configuration list for PBXNativeTarget "SeSACPhotoFrameworkTests" */ = {
			isa = XCConfigurationList;
			buildConfigurations = (
				4CA7C8022A9D92AB000FA519 /* Debug */,
				4CA7C8032A9D92AB000FA519 /* Release */,
			);
			defaultConfigurationIsVisible = 0;
			defaultConfigurationName = Release;
		};
/* End XCConfigurationList section */
	};
	rootObject = 4CA7C7E12A9D92AB000FA519 /* Project object */;
}
