// !$*UTF8*$!
{
	archiveVersion = 1;
	classes = {
	};
	objectVersion = 56;
	objects = {

/* Begin PBXBuildFile section */
		4C1F17D02A9E51CE00D40D95 /* ProfileViewController.swift in Sources */ = {isa = PBXBuildFile; fileRef = 4C1F17CF2A9E51CE00D40D95 /* ProfileViewController.swift */; };
		4C1F17D22A9E51D800D40D95 /* ProfileView.swift in Sources */ = {isa = PBXBuildFile; fileRef = 4C1F17D12A9E51D800D40D95 /* ProfileView.swift */; };
		4C1F17D52A9E5E0E00D40D95 /* ProfileEditViewController.swift in Sources */ = {isa = PBXBuildFile; fileRef = 4C1F17D42A9E5E0E00D40D95 /* ProfileEditViewController.swift */; };
		4C376C2B2AA0AFD90009404D /* ProfileEditView.swift in Sources */ = {isa = PBXBuildFile; fileRef = 4C376C2A2AA0AFD90009404D /* ProfileEditView.swift */; };
		4C376C312AA0B0FA0009404D /* TextFieldEffects in Frameworks */ = {isa = PBXBuildFile; productRef = 4C376C302AA0B0FA0009404D /* TextFieldEffects */; };
		4C376C332AA0BF4E0009404D /* profileTableViewCell.swift in Sources */ = {isa = PBXBuildFile; fileRef = 4C376C322AA0BF4E0009404D /* profileTableViewCell.swift */; };
		4CA7C7972A9CB52B000FA519 /* AppDelegate.swift in Sources */ = {isa = PBXBuildFile; fileRef = 4CA7C7962A9CB52B000FA519 /* AppDelegate.swift */; };
		4CA7C7992A9CB52B000FA519 /* SceneDelegate.swift in Sources */ = {isa = PBXBuildFile; fileRef = 4CA7C7982A9CB52B000FA519 /* SceneDelegate.swift */; };
		4CA7C79B2A9CB52B000FA519 /* BaseViewController.swift in Sources */ = {isa = PBXBuildFile; fileRef = 4CA7C79A2A9CB52B000FA519 /* BaseViewController.swift */; };
		4CA7C7A02A9CB52C000FA519 /* Assets.xcassets in Resources */ = {isa = PBXBuildFile; fileRef = 4CA7C79F2A9CB52C000FA519 /* Assets.xcassets */; };
		4CA7C7A32A9CB52C000FA519 /* LaunchScreen.storyboard in Resources */ = {isa = PBXBuildFile; fileRef = 4CA7C7A12A9CB52C000FA519 /* LaunchScreen.storyboard */; };
		4CA7C7AD2A9CB638000FA519 /* MovieViewController.swift in Sources */ = {isa = PBXBuildFile; fileRef = 4CA7C7AC2A9CB638000FA519 /* MovieViewController.swift */; };
		4CA7C7AF2A9CB6BC000FA519 /* BaseView.swift in Sources */ = {isa = PBXBuildFile; fileRef = 4CA7C7AE2A9CB6BC000FA519 /* BaseView.swift */; };
		4CA7C7B12A9CB849000FA519 /* BaseCollectionViewCell.swift in Sources */ = {isa = PBXBuildFile; fileRef = 4CA7C7B02A9CB849000FA519 /* BaseCollectionViewCell.swift */; };
		4CA7C7B32A9CB993000FA519 /* MovieView.swift in Sources */ = {isa = PBXBuildFile; fileRef = 4CA7C7B22A9CB993000FA519 /* MovieView.swift */; };
		4CA7C7B62A9CBB5E000FA519 /* SnapKit in Frameworks */ = {isa = PBXBuildFile; productRef = 4CA7C7B52A9CBB5E000FA519 /* SnapKit */; };
		4CA7C7B92A9CBB6A000FA519 /* Kingfisher in Frameworks */ = {isa = PBXBuildFile; productRef = 4CA7C7B82A9CBB6A000FA519 /* Kingfisher */; };
		4CA7C7BC2A9CBB76000FA519 /* Alamofire in Frameworks */ = {isa = PBXBuildFile; productRef = 4CA7C7BB2A9CBB76000FA519 /* Alamofire */; };
		4CA7C7BE2A9CBC1F000FA519 /* MovieCollectionViewCell.swift in Sources */ = {isa = PBXBuildFile; fileRef = 4CA7C7BD2A9CBC1F000FA519 /* MovieCollectionViewCell.swift */; };
		4CA7C7C12A9CC0BD000FA519 /* TmdbApiManager.swift in Sources */ = {isa = PBXBuildFile; fileRef = 4CA7C7C02A9CC0BD000FA519 /* TmdbApiManager.swift */; };
		4CA7C7C32A9CC176000FA519 /* APIKey.swift in Sources */ = {isa = PBXBuildFile; fileRef = 4CA7C7C22A9CC176000FA519 /* APIKey.swift */; };
		4CA7C7C52A9CC1B8000FA519 /* EndPoint.swift in Sources */ = {isa = PBXBuildFile; fileRef = 4CA7C7C42A9CC1B8000FA519 /* EndPoint.swift */; };
		4CA7C7CE2A9CC282000FA519 /* Extension + URL.swift in Sources */ = {isa = PBXBuildFile; fileRef = 4CA7C7CD2A9CC282000FA519 /* Extension + URL.swift */; };
		4CA7C7D12A9CC932000FA519 /* ActorViewController.swift in Sources */ = {isa = PBXBuildFile; fileRef = 4CA7C7D02A9CC932000FA519 /* ActorViewController.swift */; };
		4CA7C7D42A9CC96F000FA519 /* Transition.swift in Sources */ = {isa = PBXBuildFile; fileRef = 4CA7C7D32A9CC96F000FA519 /* Transition.swift */; };
		4CA7C7D62A9CCC5D000FA519 /* ReuseableProtocol.swift in Sources */ = {isa = PBXBuildFile; fileRef = 4CA7C7D52A9CCC5D000FA519 /* ReuseableProtocol.swift */; };
		4CA7C81C2A9DCF69000FA519 /* ActorView.swift in Sources */ = {isa = PBXBuildFile; fileRef = 4CA7C81B2A9DCF69000FA519 /* ActorView.swift */; };
		4CA7C81F2A9DD850000FA519 /* MovieDetail.swift in Sources */ = {isa = PBXBuildFile; fileRef = 4CA7C81E2A9DD850000FA519 /* MovieDetail.swift */; };
		4CA7C8212A9DD950000FA519 /* MovieData.swift in Sources */ = {isa = PBXBuildFile; fileRef = 4CA7C8202A9DD950000FA519 /* MovieData.swift */; };
		4CA7C8232A9DD95A000FA519 /* CastData.swift in Sources */ = {isa = PBXBuildFile; fileRef = 4CA7C8222A9DD95A000FA519 /* CastData.swift */; };
		4CA7C82C2A9E31FD000FA519 /* BaseTableViewCell.swift in Sources */ = {isa = PBXBuildFile; fileRef = 4CA7C82B2A9E31FD000FA519 /* BaseTableViewCell.swift */; };
		4CA7C82E2A9E3253000FA519 /* ActorTableViewCell.swift in Sources */ = {isa = PBXBuildFile; fileRef = 4CA7C82D2A9E3253000FA519 /* ActorTableViewCell.swift */; };
		4CA7C8302A9E42B2000FA519 /* MovieActor.swift in Sources */ = {isa = PBXBuildFile; fileRef = 4CA7C82F2A9E42B2000FA519 /* MovieActor.swift */; };
/* End PBXBuildFile section */

/* Begin PBXFileReference section */
		4C1F17CF2A9E51CE00D40D95 /* ProfileViewController.swift */ = {isa = PBXFileReference; lastKnownFileType = sourcecode.swift; path = ProfileViewController.swift; sourceTree = "<group>"; };
		4C1F17D12A9E51D800D40D95 /* ProfileView.swift */ = {isa = PBXFileReference; lastKnownFileType = sourcecode.swift; path = ProfileView.swift; sourceTree = "<group>"; };
		4C1F17D42A9E5E0E00D40D95 /* ProfileEditViewController.swift */ = {isa = PBXFileReference; lastKnownFileType = sourcecode.swift; path = ProfileEditViewController.swift; sourceTree = "<group>"; };
		4C376C2A2AA0AFD90009404D /* ProfileEditView.swift */ = {isa = PBXFileReference; lastKnownFileType = sourcecode.swift; path = ProfileEditView.swift; sourceTree = "<group>"; };
		4C376C322AA0BF4E0009404D /* profileTableViewCell.swift */ = {isa = PBXFileReference; lastKnownFileType = sourcecode.swift; path = profileTableViewCell.swift; sourceTree = "<group>"; };
		4CA7C7932A9CB52B000FA519 /* TMDBCodeBase.app */ = {isa = PBXFileReference; explicitFileType = wrapper.application; includeInIndex = 0; path = TMDBCodeBase.app; sourceTree = BUILT_PRODUCTS_DIR; };
		4CA7C7962A9CB52B000FA519 /* AppDelegate.swift */ = {isa = PBXFileReference; lastKnownFileType = sourcecode.swift; path = AppDelegate.swift; sourceTree = "<group>"; };
		4CA7C7982A9CB52B000FA519 /* SceneDelegate.swift */ = {isa = PBXFileReference; lastKnownFileType = sourcecode.swift; path = SceneDelegate.swift; sourceTree = "<group>"; };
		4CA7C79A2A9CB52B000FA519 /* BaseViewController.swift */ = {isa = PBXFileReference; lastKnownFileType = sourcecode.swift; path = BaseViewController.swift; sourceTree = "<group>"; };
		4CA7C79F2A9CB52C000FA519 /* Assets.xcassets */ = {isa = PBXFileReference; lastKnownFileType = folder.assetcatalog; path = Assets.xcassets; sourceTree = "<group>"; };
		4CA7C7A22A9CB52C000FA519 /* Base */ = {isa = PBXFileReference; lastKnownFileType = file.storyboard; name = Base; path = Base.lproj/LaunchScreen.storyboard; sourceTree = "<group>"; };
		4CA7C7A42A9CB52C000FA519 /* Info.plist */ = {isa = PBXFileReference; lastKnownFileType = text.plist.xml; path = Info.plist; sourceTree = "<group>"; };
		4CA7C7AC2A9CB638000FA519 /* MovieViewController.swift */ = {isa = PBXFileReference; lastKnownFileType = sourcecode.swift; path = MovieViewController.swift; sourceTree = "<group>"; };
		4CA7C7AE2A9CB6BC000FA519 /* BaseView.swift */ = {isa = PBXFileReference; lastKnownFileType = sourcecode.swift; path = BaseView.swift; sourceTree = "<group>"; };
		4CA7C7B02A9CB849000FA519 /* BaseCollectionViewCell.swift */ = {isa = PBXFileReference; lastKnownFileType = sourcecode.swift; path = BaseCollectionViewCell.swift; sourceTree = "<group>"; };
		4CA7C7B22A9CB993000FA519 /* MovieView.swift */ = {isa = PBXFileReference; lastKnownFileType = sourcecode.swift; path = MovieView.swift; sourceTree = "<group>"; };
		4CA7C7BD2A9CBC1F000FA519 /* MovieCollectionViewCell.swift */ = {isa = PBXFileReference; lastKnownFileType = sourcecode.swift; path = MovieCollectionViewCell.swift; sourceTree = "<group>"; };
		4CA7C7C02A9CC0BD000FA519 /* TmdbApiManager.swift */ = {isa = PBXFileReference; lastKnownFileType = sourcecode.swift; path = TmdbApiManager.swift; sourceTree = "<group>"; };
		4CA7C7C22A9CC176000FA519 /* APIKey.swift */ = {isa = PBXFileReference; fileEncoding = 4; lastKnownFileType = sourcecode.swift; path = APIKey.swift; sourceTree = "<group>"; };
		4CA7C7C42A9CC1B8000FA519 /* EndPoint.swift */ = {isa = PBXFileReference; fileEncoding = 4; lastKnownFileType = sourcecode.swift; path = EndPoint.swift; sourceTree = "<group>"; };
		4CA7C7CD2A9CC282000FA519 /* Extension + URL.swift */ = {isa = PBXFileReference; lastKnownFileType = sourcecode.swift; path = "Extension + URL.swift"; sourceTree = "<group>"; };
		4CA7C7D02A9CC932000FA519 /* ActorViewController.swift */ = {isa = PBXFileReference; lastKnownFileType = sourcecode.swift; path = ActorViewController.swift; sourceTree = "<group>"; };
		4CA7C7D32A9CC96F000FA519 /* Transition.swift */ = {isa = PBXFileReference; lastKnownFileType = sourcecode.swift; path = Transition.swift; sourceTree = "<group>"; };
		4CA7C7D52A9CCC5D000FA519 /* ReuseableProtocol.swift */ = {isa = PBXFileReference; lastKnownFileType = sourcecode.swift; path = ReuseableProtocol.swift; sourceTree = "<group>"; };
		4CA7C81B2A9DCF69000FA519 /* ActorView.swift */ = {isa = PBXFileReference; lastKnownFileType = sourcecode.swift; path = ActorView.swift; sourceTree = "<group>"; };
		4CA7C81E2A9DD850000FA519 /* MovieDetail.swift */ = {isa = PBXFileReference; lastKnownFileType = sourcecode.swift; path = MovieDetail.swift; sourceTree = "<group>"; };
		4CA7C8202A9DD950000FA519 /* MovieData.swift */ = {isa = PBXFileReference; lastKnownFileType = sourcecode.swift; path = MovieData.swift; sourceTree = "<group>"; };
		4CA7C8222A9DD95A000FA519 /* CastData.swift */ = {isa = PBXFileReference; lastKnownFileType = sourcecode.swift; path = CastData.swift; sourceTree = "<group>"; };
		4CA7C82B2A9E31FD000FA519 /* BaseTableViewCell.swift */ = {isa = PBXFileReference; lastKnownFileType = sourcecode.swift; path = BaseTableViewCell.swift; sourceTree = "<group>"; };
		4CA7C82D2A9E3253000FA519 /* ActorTableViewCell.swift */ = {isa = PBXFileReference; lastKnownFileType = sourcecode.swift; path = ActorTableViewCell.swift; sourceTree = "<group>"; };
		4CA7C82F2A9E42B2000FA519 /* MovieActor.swift */ = {isa = PBXFileReference; lastKnownFileType = sourcecode.swift; path = MovieActor.swift; sourceTree = "<group>"; };
/* End PBXFileReference section */

/* Begin PBXFrameworksBuildPhase section */
		4CA7C7902A9CB52B000FA519 /* Frameworks */ = {
			isa = PBXFrameworksBuildPhase;
			buildActionMask = 2147483647;
			files = (
				4CA7C7BC2A9CBB76000FA519 /* Alamofire in Frameworks */,
				4C376C312AA0B0FA0009404D /* TextFieldEffects in Frameworks */,
				4CA7C7B92A9CBB6A000FA519 /* Kingfisher in Frameworks */,
				4CA7C7B62A9CBB5E000FA519 /* SnapKit in Frameworks */,
			);
			runOnlyForDeploymentPostprocessing = 0;
		};
/* End PBXFrameworksBuildPhase section */

/* Begin PBXGroup section */
		4C1F17CE2A9E51B600D40D95 /* Profile */ = {
			isa = PBXGroup;
			children = (
				4C1F17CF2A9E51CE00D40D95 /* ProfileViewController.swift */,
				4C1F17D12A9E51D800D40D95 /* ProfileView.swift */,
				4C376C322AA0BF4E0009404D /* profileTableViewCell.swift */,
			);
			path = Profile;
			sourceTree = "<group>";
		};
		4C1F17D32A9E5DE800D40D95 /* ProfileEdit */ = {
			isa = PBXGroup;
			children = (
				4C1F17D42A9E5E0E00D40D95 /* ProfileEditViewController.swift */,
				4C376C2A2AA0AFD90009404D /* ProfileEditView.swift */,
			);
			path = ProfileEdit;
			sourceTree = "<group>";
		};
		4CA7C78A2A9CB52B000FA519 = {
			isa = PBXGroup;
			children = (
				4CA7C7952A9CB52B000FA519 /* TMDBCodeBase */,
				4CA7C7942A9CB52B000FA519 /* Products */,
			);
			sourceTree = "<group>";
		};
		4CA7C7942A9CB52B000FA519 /* Products */ = {
			isa = PBXGroup;
			children = (
				4CA7C7932A9CB52B000FA519 /* TMDBCodeBase.app */,
			);
			name = Products;
			sourceTree = "<group>";
		};
		4CA7C7952A9CB52B000FA519 /* TMDBCodeBase */ = {
			isa = PBXGroup;
			children = (
				4CA7C7AB2A9CB5D3000FA519 /* Movie */,
				4CA7C7CF2A9CC91E000FA519 /* Actor */,
				4C1F17CE2A9E51B600D40D95 /* Profile */,
				4C1F17D32A9E5DE800D40D95 /* ProfileEdit */,
				4CA7C7962A9CB52B000FA519 /* AppDelegate.swift */,
				4CA7C7982A9CB52B000FA519 /* SceneDelegate.swift */,
				4CA7C79F2A9CB52C000FA519 /* Assets.xcassets */,
				4CA7C7A12A9CB52C000FA519 /* LaunchScreen.storyboard */,
				4CA7C7A42A9CB52C000FA519 /* Info.plist */,
				4CA7C7AA2A9CB5C5000FA519 /* Base */,
				4CA7C7BF2A9CC078000FA519 /* APIManager */,
				4CA7C81D2A9DD83A000FA519 /* Struct */,
				4CA7C7D22A9CC95A000FA519 /* Generic+Transition */,
				4CA7C7D52A9CCC5D000FA519 /* ReuseableProtocol.swift */,
			);
			path = TMDBCodeBase;
			sourceTree = "<group>";
		};
		4CA7C7AA2A9CB5C5000FA519 /* Base */ = {
			isa = PBXGroup;
			children = (
				4CA7C79A2A9CB52B000FA519 /* BaseViewController.swift */,
				4CA7C7AE2A9CB6BC000FA519 /* BaseView.swift */,
				4CA7C7B02A9CB849000FA519 /* BaseCollectionViewCell.swift */,
				4CA7C82B2A9E31FD000FA519 /* BaseTableViewCell.swift */,
			);
			path = Base;
			sourceTree = "<group>";
		};
		4CA7C7AB2A9CB5D3000FA519 /* Movie */ = {
			isa = PBXGroup;
			children = (
				4CA7C7AC2A9CB638000FA519 /* MovieViewController.swift */,
				4CA7C7B22A9CB993000FA519 /* MovieView.swift */,
				4CA7C7BD2A9CBC1F000FA519 /* MovieCollectionViewCell.swift */,
			);
			path = Movie;
			sourceTree = "<group>";
		};
		4CA7C7BF2A9CC078000FA519 /* APIManager */ = {
			isa = PBXGroup;
			children = (
				4CA7C7C22A9CC176000FA519 /* APIKey.swift */,
				4CA7C7CD2A9CC282000FA519 /* Extension + URL.swift */,
				4CA7C7C42A9CC1B8000FA519 /* EndPoint.swift */,
				4CA7C7C02A9CC0BD000FA519 /* TmdbApiManager.swift */,
			);
			path = APIManager;
			sourceTree = "<group>";
		};
		4CA7C7CF2A9CC91E000FA519 /* Actor */ = {
			isa = PBXGroup;
			children = (
				4CA7C7D02A9CC932000FA519 /* ActorViewController.swift */,
				4CA7C81B2A9DCF69000FA519 /* ActorView.swift */,
				4CA7C82D2A9E3253000FA519 /* ActorTableViewCell.swift */,
			);
			path = Actor;
			sourceTree = "<group>";
		};
		4CA7C7D22A9CC95A000FA519 /* Generic+Transition */ = {
			isa = PBXGroup;
			children = (
				4CA7C7D32A9CC96F000FA519 /* Transition.swift */,
			);
			path = "Generic+Transition";
			sourceTree = "<group>";
		};
		4CA7C81D2A9DD83A000FA519 /* Struct */ = {
			isa = PBXGroup;
			children = (
				4CA7C8202A9DD950000FA519 /* MovieData.swift */,
				4CA7C8222A9DD95A000FA519 /* CastData.swift */,
				4CA7C81E2A9DD850000FA519 /* MovieDetail.swift */,
				4CA7C82F2A9E42B2000FA519 /* MovieActor.swift */,
			);
			path = Struct;
			sourceTree = "<group>";
		};
/* End PBXGroup section */

/* Begin PBXNativeTarget section */
		4CA7C7922A9CB52B000FA519 /* TMDBCodeBase */ = {
			isa = PBXNativeTarget;
			buildConfigurationList = 4CA7C7A72A9CB52C000FA519 /* Build configuration list for PBXNativeTarget "TMDBCodeBase" */;
			buildPhases = (
				4CA7C78F2A9CB52B000FA519 /* Sources */,
				4CA7C7902A9CB52B000FA519 /* Frameworks */,
				4CA7C7912A9CB52B000FA519 /* Resources */,
			);
			buildRules = (
			);
			dependencies = (
			);
			name = TMDBCodeBase;
			packageProductDependencies = (
				4CA7C7B52A9CBB5E000FA519 /* SnapKit */,
				4CA7C7B82A9CBB6A000FA519 /* Kingfisher */,
				4CA7C7BB2A9CBB76000FA519 /* Alamofire */,
				4C376C302AA0B0FA0009404D /* TextFieldEffects */,
			);
			productName = TMDBCodeBase;
			productReference = 4CA7C7932A9CB52B000FA519 /* TMDBCodeBase.app */;
			productType = "com.apple.product-type.application";
		};
/* End PBXNativeTarget section */

/* Begin PBXProject section */
		4CA7C78B2A9CB52B000FA519 /* Project object */ = {
			isa = PBXProject;
			attributes = {
				BuildIndependentTargetsInParallel = 1;
				LastSwiftUpdateCheck = 1430;
				LastUpgradeCheck = 1430;
				TargetAttributes = {
					4CA7C7922A9CB52B000FA519 = {
						CreatedOnToolsVersion = 14.3.1;
					};
				};
			};
			buildConfigurationList = 4CA7C78E2A9CB52B000FA519 /* Build configuration list for PBXProject "TMDBCodeBase" */;
			compatibilityVersion = "Xcode 14.0";
			developmentRegion = en;
			hasScannedForEncodings = 0;
			knownRegions = (
				en,
				Base,
			);
			mainGroup = 4CA7C78A2A9CB52B000FA519;
			packageReferences = (
				4CA7C7B42A9CBB5E000FA519 /* XCRemoteSwiftPackageReference "SnapKit" */,
				4CA7C7B72A9CBB6A000FA519 /* XCRemoteSwiftPackageReference "Kingfisher" */,
				4CA7C7BA2A9CBB76000FA519 /* XCRemoteSwiftPackageReference "Alamofire" */,
				4C376C2F2AA0B0FA0009404D /* XCRemoteSwiftPackageReference "TextFieldEffects" */,
			);
			productRefGroup = 4CA7C7942A9CB52B000FA519 /* Products */;
			projectDirPath = "";
			projectRoot = "";
			targets = (
				4CA7C7922A9CB52B000FA519 /* TMDBCodeBase */,
			);
		};
/* End PBXProject section */

/* Begin PBXResourcesBuildPhase section */
		4CA7C7912A9CB52B000FA519 /* Resources */ = {
			isa = PBXResourcesBuildPhase;
			buildActionMask = 2147483647;
			files = (
				4CA7C7A32A9CB52C000FA519 /* LaunchScreen.storyboard in Resources */,
				4CA7C7A02A9CB52C000FA519 /* Assets.xcassets in Resources */,
			);
			runOnlyForDeploymentPostprocessing = 0;
		};
/* End PBXResourcesBuildPhase section */

/* Begin PBXSourcesBuildPhase section */
		4CA7C78F2A9CB52B000FA519 /* Sources */ = {
			isa = PBXSourcesBuildPhase;
			buildActionMask = 2147483647;
			files = (
				4CA7C8302A9E42B2000FA519 /* MovieActor.swift in Sources */,
				4CA7C79B2A9CB52B000FA519 /* BaseViewController.swift in Sources */,
				4CA7C7972A9CB52B000FA519 /* AppDelegate.swift in Sources */,
				4CA7C7B32A9CB993000FA519 /* MovieView.swift in Sources */,
				4CA7C81F2A9DD850000FA519 /* MovieDetail.swift in Sources */,
				4CA7C7D42A9CC96F000FA519 /* Transition.swift in Sources */,
				4CA7C7AF2A9CB6BC000FA519 /* BaseView.swift in Sources */,
				4CA7C7D12A9CC932000FA519 /* ActorViewController.swift in Sources */,
				4C376C2B2AA0AFD90009404D /* ProfileEditView.swift in Sources */,
				4CA7C7C52A9CC1B8000FA519 /* EndPoint.swift in Sources */,
				4CA7C82C2A9E31FD000FA519 /* BaseTableViewCell.swift in Sources */,
				4CA7C7CE2A9CC282000FA519 /* Extension + URL.swift in Sources */,
				4CA7C8212A9DD950000FA519 /* MovieData.swift in Sources */,
				4CA7C8232A9DD95A000FA519 /* CastData.swift in Sources */,
				4CA7C81C2A9DCF69000FA519 /* ActorView.swift in Sources */,
				4CA7C7C32A9CC176000FA519 /* APIKey.swift in Sources */,
				4C376C332AA0BF4E0009404D /* profileTableViewCell.swift in Sources */,
				4C1F17D02A9E51CE00D40D95 /* ProfileViewController.swift in Sources */,
				4C1F17D22A9E51D800D40D95 /* ProfileView.swift in Sources */,
				4CA7C7992A9CB52B000FA519 /* SceneDelegate.swift in Sources */,
				4CA7C7AD2A9CB638000FA519 /* MovieViewController.swift in Sources */,
				4CA7C7C12A9CC0BD000FA519 /* TmdbApiManager.swift in Sources */,
				4CA7C7D62A9CCC5D000FA519 /* ReuseableProtocol.swift in Sources */,
				4C1F17D52A9E5E0E00D40D95 /* ProfileEditViewController.swift in Sources */,
				4CA7C7B12A9CB849000FA519 /* BaseCollectionViewCell.swift in Sources */,
				4CA7C82E2A9E3253000FA519 /* ActorTableViewCell.swift in Sources */,
				4CA7C7BE2A9CBC1F000FA519 /* MovieCollectionViewCell.swift in Sources */,
			);
			runOnlyForDeploymentPostprocessing = 0;
		};
/* End PBXSourcesBuildPhase section */

/* Begin PBXVariantGroup section */
		4CA7C7A12A9CB52C000FA519 /* LaunchScreen.storyboard */ = {
			isa = PBXVariantGroup;
			children = (
				4CA7C7A22A9CB52C000FA519 /* Base */,
			);
			name = LaunchScreen.storyboard;
			sourceTree = "<group>";
		};
/* End PBXVariantGroup section */

/* Begin XCBuildConfiguration section */
		4CA7C7A52A9CB52C000FA519 /* Debug */ = {
			isa = XCBuildConfiguration;
			buildSettings = {
				ALWAYS_SEARCH_USER_PATHS = NO;
				CLANG_ANALYZER_NONNULL = YES;
				CLANG_ANALYZER_NUMBER_OBJECT_CONVERSION = YES_AGGRESSIVE;
				CLANG_CXX_LANGUAGE_STANDARD = "gnu++20";
				CLANG_ENABLE_MODULES = YES;
				CLANG_ENABLE_OBJC_ARC = YES;
				CLANG_ENABLE_OBJC_WEAK = YES;
				CLANG_WARN_BLOCK_CAPTURE_AUTORELEASING = YES;
				CLANG_WARN_BOOL_CONVERSION = YES;
				CLANG_WARN_COMMA = YES;
				CLANG_WARN_CONSTANT_CONVERSION = YES;
				CLANG_WARN_DEPRECATED_OBJC_IMPLEMENTATIONS = YES;
				CLANG_WARN_DIRECT_OBJC_ISA_USAGE = YES_ERROR;
				CLANG_WARN_DOCUMENTATION_COMMENTS = YES;
				CLANG_WARN_EMPTY_BODY = YES;
				CLANG_WARN_ENUM_CONVERSION = YES;
				CLANG_WARN_INFINITE_RECURSION = YES;
				CLANG_WARN_INT_CONVERSION = YES;
				CLANG_WARN_NON_LITERAL_NULL_CONVERSION = YES;
				CLANG_WARN_OBJC_IMPLICIT_RETAIN_SELF = YES;
				CLANG_WARN_OBJC_LITERAL_CONVERSION = YES;
				CLANG_WARN_OBJC_ROOT_CLASS = YES_ERROR;
				CLANG_WARN_QUOTED_INCLUDE_IN_FRAMEWORK_HEADER = YES;
				CLANG_WARN_RANGE_LOOP_ANALYSIS = YES;
				CLANG_WARN_STRICT_PROTOTYPES = YES;
				CLANG_WARN_SUSPICIOUS_MOVE = YES;
				CLANG_WARN_UNGUARDED_AVAILABILITY = YES_AGGRESSIVE;
				CLANG_WARN_UNREACHABLE_CODE = YES;
				CLANG_WARN__DUPLICATE_METHOD_MATCH = YES;
				COPY_PHASE_STRIP = NO;
				DEBUG_INFORMATION_FORMAT = dwarf;
				ENABLE_STRICT_OBJC_MSGSEND = YES;
				ENABLE_TESTABILITY = YES;
				GCC_C_LANGUAGE_STANDARD = gnu11;
				GCC_DYNAMIC_NO_PIC = NO;
				GCC_NO_COMMON_BLOCKS = YES;
				GCC_OPTIMIZATION_LEVEL = 0;
				GCC_PREPROCESSOR_DEFINITIONS = (
					"DEBUG=1",
					"$(inherited)",
				);
				GCC_WARN_64_TO_32_BIT_CONVERSION = YES;
				GCC_WARN_ABOUT_RETURN_TYPE = YES_ERROR;
				GCC_WARN_UNDECLARED_SELECTOR = YES;
				GCC_WARN_UNINITIALIZED_AUTOS = YES_AGGRESSIVE;
				GCC_WARN_UNUSED_FUNCTION = YES;
				GCC_WARN_UNUSED_VARIABLE = YES;
				IPHONEOS_DEPLOYMENT_TARGET = 16.4;
				MTL_ENABLE_DEBUG_INFO = INCLUDE_SOURCE;
				MTL_FAST_MATH = YES;
				ONLY_ACTIVE_ARCH = YES;
				SDKROOT = iphoneos;
				SWIFT_ACTIVE_COMPILATION_CONDITIONS = DEBUG;
				SWIFT_OPTIMIZATION_LEVEL = "-Onone";
			};
			name = Debug;
		};
		4CA7C7A62A9CB52C000FA519 /* Release */ = {
			isa = XCBuildConfiguration;
			buildSettings = {
				ALWAYS_SEARCH_USER_PATHS = NO;
				CLANG_ANALYZER_NONNULL = YES;
				CLANG_ANALYZER_NUMBER_OBJECT_CONVERSION = YES_AGGRESSIVE;
				CLANG_CXX_LANGUAGE_STANDARD = "gnu++20";
				CLANG_ENABLE_MODULES = YES;
				CLANG_ENABLE_OBJC_ARC = YES;
				CLANG_ENABLE_OBJC_WEAK = YES;
				CLANG_WARN_BLOCK_CAPTURE_AUTORELEASING = YES;
				CLANG_WARN_BOOL_CONVERSION = YES;
				CLANG_WARN_COMMA = YES;
				CLANG_WARN_CONSTANT_CONVERSION = YES;
				CLANG_WARN_DEPRECATED_OBJC_IMPLEMENTATIONS = YES;
				CLANG_WARN_DIRECT_OBJC_ISA_USAGE = YES_ERROR;
				CLANG_WARN_DOCUMENTATION_COMMENTS = YES;
				CLANG_WARN_EMPTY_BODY = YES;
				CLANG_WARN_ENUM_CONVERSION = YES;
				CLANG_WARN_INFINITE_RECURSION = YES;
				CLANG_WARN_INT_CONVERSION = YES;
				CLANG_WARN_NON_LITERAL_NULL_CONVERSION = YES;
				CLANG_WARN_OBJC_IMPLICIT_RETAIN_SELF = YES;
				CLANG_WARN_OBJC_LITERAL_CONVERSION = YES;
				CLANG_WARN_OBJC_ROOT_CLASS = YES_ERROR;
				CLANG_WARN_QUOTED_INCLUDE_IN_FRAMEWORK_HEADER = YES;
				CLANG_WARN_RANGE_LOOP_ANALYSIS = YES;
				CLANG_WARN_STRICT_PROTOTYPES = YES;
				CLANG_WARN_SUSPICIOUS_MOVE = YES;
				CLANG_WARN_UNGUARDED_AVAILABILITY = YES_AGGRESSIVE;
				CLANG_WARN_UNREACHABLE_CODE = YES;
				CLANG_WARN__DUPLICATE_METHOD_MATCH = YES;
				COPY_PHASE_STRIP = NO;
				DEBUG_INFORMATION_FORMAT = "dwarf-with-dsym";
				ENABLE_NS_ASSERTIONS = NO;
				ENABLE_STRICT_OBJC_MSGSEND = YES;
				GCC_C_LANGUAGE_STANDARD = gnu11;
				GCC_NO_COMMON_BLOCKS = YES;
				GCC_WARN_64_TO_32_BIT_CONVERSION = YES;
				GCC_WARN_ABOUT_RETURN_TYPE = YES_ERROR;
				GCC_WARN_UNDECLARED_SELECTOR = YES;
				GCC_WARN_UNINITIALIZED_AUTOS = YES_AGGRESSIVE;
				GCC_WARN_UNUSED_FUNCTION = YES;
				GCC_WARN_UNUSED_VARIABLE = YES;
				IPHONEOS_DEPLOYMENT_TARGET = 16.4;
				MTL_ENABLE_DEBUG_INFO = NO;
				MTL_FAST_MATH = YES;
				SDKROOT = iphoneos;
				SWIFT_COMPILATION_MODE = wholemodule;
				SWIFT_OPTIMIZATION_LEVEL = "-O";
				VALIDATE_PRODUCT = YES;
			};
			name = Release;
		};
		4CA7C7A82A9CB52C000FA519 /* Debug */ = {
			isa = XCBuildConfiguration;
			buildSettings = {
				ASSETCATALOG_COMPILER_APPICON_NAME = AppIcon;
				ASSETCATALOG_COMPILER_GLOBAL_ACCENT_COLOR_NAME = AccentColor;
				CODE_SIGN_STYLE = Automatic;
				CURRENT_PROJECT_VERSION = 1;
				DEVELOPMENT_TEAM = Z9S6MZGC9J;
				GENERATE_INFOPLIST_FILE = YES;
				INFOPLIST_FILE = TMDBCodeBase/Info.plist;
				INFOPLIST_KEY_UIApplicationSupportsIndirectInputEvents = YES;
				INFOPLIST_KEY_UILaunchStoryboardName = LaunchScreen;
				INFOPLIST_KEY_UISupportedInterfaceOrientations_iPad = "UIInterfaceOrientationPortrait UIInterfaceOrientationPortraitUpsideDown UIInterfaceOrientationLandscapeLeft UIInterfaceOrientationLandscapeRight";
				INFOPLIST_KEY_UISupportedInterfaceOrientations_iPhone = "UIInterfaceOrientationPortrait UIInterfaceOrientationLandscapeLeft UIInterfaceOrientationLandscapeRight";
				LD_RUNPATH_SEARCH_PATHS = (
					"$(inherited)",
					"@executable_path/Frameworks",
				);
				MARKETING_VERSION = 1.0;
				PRODUCT_BUNDLE_IDENTIFIER = com.sesac.TMDBCodeBase;
				PRODUCT_NAME = "$(TARGET_NAME)";
				SWIFT_EMIT_LOC_STRINGS = YES;
				SWIFT_VERSION = 5.0;
				TARGETED_DEVICE_FAMILY = "1,2";
			};
			name = Debug;
		};
		4CA7C7A92A9CB52C000FA519 /* Release */ = {
			isa = XCBuildConfiguration;
			buildSettings = {
				ASSETCATALOG_COMPILER_APPICON_NAME = AppIcon;
				ASSETCATALOG_COMPILER_GLOBAL_ACCENT_COLOR_NAME = AccentColor;
				CODE_SIGN_STYLE = Automatic;
				CURRENT_PROJECT_VERSION = 1;
				DEVELOPMENT_TEAM = Z9S6MZGC9J;
				GENERATE_INFOPLIST_FILE = YES;
				INFOPLIST_FILE = TMDBCodeBase/Info.plist;
				INFOPLIST_KEY_UIApplicationSupportsIndirectInputEvents = YES;
				INFOPLIST_KEY_UILaunchStoryboardName = LaunchScreen;
				INFOPLIST_KEY_UISupportedInterfaceOrientations_iPad = "UIInterfaceOrientationPortrait UIInterfaceOrientationPortraitUpsideDown UIInterfaceOrientationLandscapeLeft UIInterfaceOrientationLandscapeRight";
				INFOPLIST_KEY_UISupportedInterfaceOrientations_iPhone = "UIInterfaceOrientationPortrait UIInterfaceOrientationLandscapeLeft UIInterfaceOrientationLandscapeRight";
				LD_RUNPATH_SEARCH_PATHS = (
					"$(inherited)",
					"@executable_path/Frameworks",
				);
				MARKETING_VERSION = 1.0;
				PRODUCT_BUNDLE_IDENTIFIER = com.sesac.TMDBCodeBase;
				PRODUCT_NAME = "$(TARGET_NAME)";
				SWIFT_EMIT_LOC_STRINGS = YES;
				SWIFT_VERSION = 5.0;
				TARGETED_DEVICE_FAMILY = "1,2";
			};
			name = Release;
		};
/* End XCBuildConfiguration section */

/* Begin XCConfigurationList section */
		4CA7C78E2A9CB52B000FA519 /* Build configuration list for PBXProject "TMDBCodeBase" */ = {
			isa = XCConfigurationList;
			buildConfigurations = (
				4CA7C7A52A9CB52C000FA519 /* Debug */,
				4CA7C7A62A9CB52C000FA519 /* Release */,
			);
			defaultConfigurationIsVisible = 0;
			defaultConfigurationName = Release;
		};
		4CA7C7A72A9CB52C000FA519 /* Build configuration list for PBXNativeTarget "TMDBCodeBase" */ = {
			isa = XCConfigurationList;
			buildConfigurations = (
				4CA7C7A82A9CB52C000FA519 /* Debug */,
				4CA7C7A92A9CB52C000FA519 /* Release */,
			);
			defaultConfigurationIsVisible = 0;
			defaultConfigurationName = Release;
		};
/* End XCConfigurationList section */

/* Begin XCRemoteSwiftPackageReference section */
		4C376C2F2AA0B0FA0009404D /* XCRemoteSwiftPackageReference "TextFieldEffects" */ = {
			isa = XCRemoteSwiftPackageReference;
			repositoryURL = "https://github.com/raulriera/TextFieldEffects.git";
			requirement = {
				kind = upToNextMajorVersion;
				minimumVersion = 1.0.0;
			};
		};
		4CA7C7B42A9CBB5E000FA519 /* XCRemoteSwiftPackageReference "SnapKit" */ = {
			isa = XCRemoteSwiftPackageReference;
			repositoryURL = "https://github.com/SnapKit/SnapKit.git";
			requirement = {
				kind = upToNextMajorVersion;
				minimumVersion = 5.0.0;
			};
		};
		4CA7C7B72A9CBB6A000FA519 /* XCRemoteSwiftPackageReference "Kingfisher" */ = {
			isa = XCRemoteSwiftPackageReference;
			repositoryURL = "https://github.com/onevcat/Kingfisher.git";
			requirement = {
				kind = upToNextMajorVersion;
				minimumVersion = 7.0.0;
			};
		};
		4CA7C7BA2A9CBB76000FA519 /* XCRemoteSwiftPackageReference "Alamofire" */ = {
			isa = XCRemoteSwiftPackageReference;
			repositoryURL = "https://github.com/Alamofire/Alamofire.git";
			requirement = {
				kind = upToNextMajorVersion;
				minimumVersion = 5.0.0;
			};
		};
/* End XCRemoteSwiftPackageReference section */

/* Begin XCSwiftPackageProductDependency section */
		4C376C302AA0B0FA0009404D /* TextFieldEffects */ = {
			isa = XCSwiftPackageProductDependency;
			package = 4C376C2F2AA0B0FA0009404D /* XCRemoteSwiftPackageReference "TextFieldEffects" */;
			productName = TextFieldEffects;
		};
		4CA7C7B52A9CBB5E000FA519 /* SnapKit */ = {
			isa = XCSwiftPackageProductDependency;
			package = 4CA7C7B42A9CBB5E000FA519 /* XCRemoteSwiftPackageReference "SnapKit" */;
			productName = SnapKit;
		};
		4CA7C7B82A9CBB6A000FA519 /* Kingfisher */ = {
			isa = XCSwiftPackageProductDependency;
			package = 4CA7C7B72A9CBB6A000FA519 /* XCRemoteSwiftPackageReference "Kingfisher" */;
			productName = Kingfisher;
		};
		4CA7C7BB2A9CBB76000FA519 /* Alamofire */ = {
			isa = XCSwiftPackageProductDependency;
			package = 4CA7C7BA2A9CBB76000FA519 /* XCRemoteSwiftPackageReference "Alamofire" */;
			productName = Alamofire;
		};
/* End XCSwiftPackageProductDependency section */
	};
	rootObject = 4CA7C78B2A9CB52B000FA519 /* Project object */;
}
