// !$*UTF8*$!
{
	archiveVersion = 1;
	classes = {
	};
	objectVersion = 56;
	objects = {

/* Begin PBXBuildFile section */
		4C13DDFA2A7752F700B37410 /* DetailViewController.swift in Sources */ = {isa = PBXBuildFile; fileRef = 4C13DDF92A7752F700B37410 /* DetailViewController.swift */; };
		4C13DDFC2A77625300B37410 /* Extension+UiViewController.swift in Sources */ = {isa = PBXBuildFile; fileRef = 4C13DDFB2A77625300B37410 /* Extension+UiViewController.swift */; };
		4C2EC3602A773A520023E7D2 /* AppDelegate.swift in Sources */ = {isa = PBXBuildFile; fileRef = 4C2EC35F2A773A520023E7D2 /* AppDelegate.swift */; };
		4C2EC3622A773A520023E7D2 /* SceneDelegate.swift in Sources */ = {isa = PBXBuildFile; fileRef = 4C2EC3612A773A520023E7D2 /* SceneDelegate.swift */; };
		4C2EC3642A773A520023E7D2 /* AddViewController.swift in Sources */ = {isa = PBXBuildFile; fileRef = 4C2EC3632A773A520023E7D2 /* AddViewController.swift */; };
		4C2EC3672A773A520023E7D2 /* Main.storyboard in Resources */ = {isa = PBXBuildFile; fileRef = 4C2EC3652A773A520023E7D2 /* Main.storyboard */; };
		4C2EC3692A773A530023E7D2 /* Assets.xcassets in Resources */ = {isa = PBXBuildFile; fileRef = 4C2EC3682A773A530023E7D2 /* Assets.xcassets */; };
		4C2EC36C2A773A530023E7D2 /* LaunchScreen.storyboard in Resources */ = {isa = PBXBuildFile; fileRef = 4C2EC36A2A773A530023E7D2 /* LaunchScreen.storyboard */; };
		4C2EC3742A773AC60023E7D2 /* DiaryTableViewController.swift in Sources */ = {isa = PBXBuildFile; fileRef = 4C2EC3732A773AC60023E7D2 /* DiaryTableViewController.swift */; };
		4C2EC3792A773BC00023E7D2 /* DiaryTableViewCell.swift in Sources */ = {isa = PBXBuildFile; fileRef = 4C2EC3772A773BC00023E7D2 /* DiaryTableViewCell.swift */; };
		4C2EC37A2A773BC00023E7D2 /* DiaryTableViewCell.xib in Resources */ = {isa = PBXBuildFile; fileRef = 4C2EC3782A773BC00023E7D2 /* DiaryTableViewCell.xib */; };
		4C5480B92A777961000DB85E /* SearchCollectionViewController.swift in Sources */ = {isa = PBXBuildFile; fileRef = 4C5480B82A777961000DB85E /* SearchCollectionViewController.swift */; };
		4C5480BE2A777AE9000DB85E /* SearchCollectionViewCell.swift in Sources */ = {isa = PBXBuildFile; fileRef = 4C5480BC2A777AE9000DB85E /* SearchCollectionViewCell.swift */; };
		4C5480BF2A777AE9000DB85E /* SearchCollectionViewCell.xib in Resources */ = {isa = PBXBuildFile; fileRef = 4C5480BD2A777AE9000DB85E /* SearchCollectionViewCell.xib */; };
/* End PBXBuildFile section */

/* Begin PBXFileReference section */
		4C13DDF92A7752F700B37410 /* DetailViewController.swift */ = {isa = PBXFileReference; lastKnownFileType = sourcecode.swift; path = DetailViewController.swift; sourceTree = "<group>"; };
		4C13DDFB2A77625300B37410 /* Extension+UiViewController.swift */ = {isa = PBXFileReference; lastKnownFileType = sourcecode.swift; path = "Extension+UiViewController.swift"; sourceTree = "<group>"; };
		4C2EC35C2A773A520023E7D2 /* OneLineDiary.app */ = {isa = PBXFileReference; explicitFileType = wrapper.application; includeInIndex = 0; path = OneLineDiary.app; sourceTree = BUILT_PRODUCTS_DIR; };
		4C2EC35F2A773A520023E7D2 /* AppDelegate.swift */ = {isa = PBXFileReference; lastKnownFileType = sourcecode.swift; path = AppDelegate.swift; sourceTree = "<group>"; };
		4C2EC3612A773A520023E7D2 /* SceneDelegate.swift */ = {isa = PBXFileReference; lastKnownFileType = sourcecode.swift; path = SceneDelegate.swift; sourceTree = "<group>"; };
		4C2EC3632A773A520023E7D2 /* AddViewController.swift */ = {isa = PBXFileReference; lastKnownFileType = sourcecode.swift; path = AddViewController.swift; sourceTree = "<group>"; };
		4C2EC3662A773A520023E7D2 /* Base */ = {isa = PBXFileReference; lastKnownFileType = file.storyboard; name = Base; path = Base.lproj/Main.storyboard; sourceTree = "<group>"; };
		4C2EC3682A773A530023E7D2 /* Assets.xcassets */ = {isa = PBXFileReference; lastKnownFileType = folder.assetcatalog; path = Assets.xcassets; sourceTree = "<group>"; };
		4C2EC36B2A773A530023E7D2 /* Base */ = {isa = PBXFileReference; lastKnownFileType = file.storyboard; name = Base; path = Base.lproj/LaunchScreen.storyboard; sourceTree = "<group>"; };
		4C2EC36D2A773A530023E7D2 /* Info.plist */ = {isa = PBXFileReference; lastKnownFileType = text.plist.xml; path = Info.plist; sourceTree = "<group>"; };
		4C2EC3732A773AC60023E7D2 /* DiaryTableViewController.swift */ = {isa = PBXFileReference; lastKnownFileType = sourcecode.swift; path = DiaryTableViewController.swift; sourceTree = "<group>"; };
		4C2EC3772A773BC00023E7D2 /* DiaryTableViewCell.swift */ = {isa = PBXFileReference; lastKnownFileType = sourcecode.swift; path = DiaryTableViewCell.swift; sourceTree = "<group>"; };
		4C2EC3782A773BC00023E7D2 /* DiaryTableViewCell.xib */ = {isa = PBXFileReference; lastKnownFileType = file.xib; path = DiaryTableViewCell.xib; sourceTree = "<group>"; };
		4C5480B82A777961000DB85E /* SearchCollectionViewController.swift */ = {isa = PBXFileReference; lastKnownFileType = sourcecode.swift; path = SearchCollectionViewController.swift; sourceTree = "<group>"; };
		4C5480BC2A777AE9000DB85E /* SearchCollectionViewCell.swift */ = {isa = PBXFileReference; lastKnownFileType = sourcecode.swift; path = SearchCollectionViewCell.swift; sourceTree = "<group>"; };
		4C5480BD2A777AE9000DB85E /* SearchCollectionViewCell.xib */ = {isa = PBXFileReference; lastKnownFileType = file.xib; path = SearchCollectionViewCell.xib; sourceTree = "<group>"; };
/* End PBXFileReference section */

/* Begin PBXFrameworksBuildPhase section */
		4C2EC3592A773A520023E7D2 /* Frameworks */ = {
			isa = PBXFrameworksBuildPhase;
			buildActionMask = 2147483647;
			files = (
			);
			runOnlyForDeploymentPostprocessing = 0;
		};
/* End PBXFrameworksBuildPhase section */

/* Begin PBXGroup section */
		4C2EC3532A773A520023E7D2 = {
			isa = PBXGroup;
			children = (
				4C2EC35E2A773A520023E7D2 /* OneLineDiary */,
				4C2EC35D2A773A520023E7D2 /* Products */,
			);
			sourceTree = "<group>";
		};
		4C2EC35D2A773A520023E7D2 /* Products */ = {
			isa = PBXGroup;
			children = (
				4C2EC35C2A773A520023E7D2 /* OneLineDiary.app */,
			);
			name = Products;
			sourceTree = "<group>";
		};
		4C2EC35E2A773A520023E7D2 /* OneLineDiary */ = {
			isa = PBXGroup;
			children = (
				4C2EC35F2A773A520023E7D2 /* AppDelegate.swift */,
				4C2EC3612A773A520023E7D2 /* SceneDelegate.swift */,
				4C2EC3632A773A520023E7D2 /* AddViewController.swift */,
				4C2EC3652A773A520023E7D2 /* Main.storyboard */,
				4C13DDFB2A77625300B37410 /* Extension+UiViewController.swift */,
				4C13DDF92A7752F700B37410 /* DetailViewController.swift */,
				4C5480B82A777961000DB85E /* SearchCollectionViewController.swift */,
				4C5480BC2A777AE9000DB85E /* SearchCollectionViewCell.swift */,
				4C5480BD2A777AE9000DB85E /* SearchCollectionViewCell.xib */,
				4C2EC3732A773AC60023E7D2 /* DiaryTableViewController.swift */,
				4C2EC3772A773BC00023E7D2 /* DiaryTableViewCell.swift */,
				4C2EC3782A773BC00023E7D2 /* DiaryTableViewCell.xib */,
				4C2EC3682A773A530023E7D2 /* Assets.xcassets */,
				4C2EC36A2A773A530023E7D2 /* LaunchScreen.storyboard */,
				4C2EC36D2A773A530023E7D2 /* Info.plist */,
			);
			path = OneLineDiary;
			sourceTree = "<group>";
		};
/* End PBXGroup section */

/* Begin PBXNativeTarget section */
		4C2EC35B2A773A520023E7D2 /* OneLineDiary */ = {
			isa = PBXNativeTarget;
			buildConfigurationList = 4C2EC3702A773A530023E7D2 /* Build configuration list for PBXNativeTarget "OneLineDiary" */;
			buildPhases = (
				4C2EC3582A773A520023E7D2 /* Sources */,
				4C2EC3592A773A520023E7D2 /* Frameworks */,
				4C2EC35A2A773A520023E7D2 /* Resources */,
			);
			buildRules = (
			);
			dependencies = (
			);
			name = OneLineDiary;
			productName = OneLineDiary;
			productReference = 4C2EC35C2A773A520023E7D2 /* OneLineDiary.app */;
			productType = "com.apple.product-type.application";
		};
/* End PBXNativeTarget section */

/* Begin PBXProject section */
		4C2EC3542A773A520023E7D2 /* Project object */ = {
			isa = PBXProject;
			attributes = {
				BuildIndependentTargetsInParallel = 1;
				LastSwiftUpdateCheck = 1430;
				LastUpgradeCheck = 1430;
				TargetAttributes = {
					4C2EC35B2A773A520023E7D2 = {
						CreatedOnToolsVersion = 14.3.1;
					};
				};
			};
			buildConfigurationList = 4C2EC3572A773A520023E7D2 /* Build configuration list for PBXProject "OneLineDiary" */;
			compatibilityVersion = "Xcode 14.0";
			developmentRegion = en;
			hasScannedForEncodings = 0;
			knownRegions = (
				en,
				Base,
			);
			mainGroup = 4C2EC3532A773A520023E7D2;
			productRefGroup = 4C2EC35D2A773A520023E7D2 /* Products */;
			projectDirPath = "";
			projectRoot = "";
			targets = (
				4C2EC35B2A773A520023E7D2 /* OneLineDiary */,
			);
		};
/* End PBXProject section */

/* Begin PBXResourcesBuildPhase section */
		4C2EC35A2A773A520023E7D2 /* Resources */ = {
			isa = PBXResourcesBuildPhase;
			buildActionMask = 2147483647;
			files = (
				4C2EC36C2A773A530023E7D2 /* LaunchScreen.storyboard in Resources */,
				4C2EC3692A773A530023E7D2 /* Assets.xcassets in Resources */,
				4C5480BF2A777AE9000DB85E /* SearchCollectionViewCell.xib in Resources */,
				4C2EC3672A773A520023E7D2 /* Main.storyboard in Resources */,
				4C2EC37A2A773BC00023E7D2 /* DiaryTableViewCell.xib in Resources */,
			);
			runOnlyForDeploymentPostprocessing = 0;
		};
/* End PBXResourcesBuildPhase section */

/* Begin PBXSourcesBuildPhase section */
		4C2EC3582A773A520023E7D2 /* Sources */ = {
			isa = PBXSourcesBuildPhase;
			buildActionMask = 2147483647;
			files = (
				4C5480B92A777961000DB85E /* SearchCollectionViewController.swift in Sources */,
				4C2EC3642A773A520023E7D2 /* AddViewController.swift in Sources */,
				4C2EC3792A773BC00023E7D2 /* DiaryTableViewCell.swift in Sources */,
				4C13DDFC2A77625300B37410 /* Extension+UiViewController.swift in Sources */,
				4C2EC3742A773AC60023E7D2 /* DiaryTableViewController.swift in Sources */,
				4C13DDFA2A7752F700B37410 /* DetailViewController.swift in Sources */,
				4C2EC3602A773A520023E7D2 /* AppDelegate.swift in Sources */,
				4C2EC3622A773A520023E7D2 /* SceneDelegate.swift in Sources */,
				4C5480BE2A777AE9000DB85E /* SearchCollectionViewCell.swift in Sources */,
			);
			runOnlyForDeploymentPostprocessing = 0;
		};
/* End PBXSourcesBuildPhase section */

/* Begin PBXVariantGroup section */
		4C2EC3652A773A520023E7D2 /* Main.storyboard */ = {
			isa = PBXVariantGroup;
			children = (
				4C2EC3662A773A520023E7D2 /* Base */,
			);
			name = Main.storyboard;
			sourceTree = "<group>";
		};
		4C2EC36A2A773A530023E7D2 /* LaunchScreen.storyboard */ = {
			isa = PBXVariantGroup;
			children = (
				4C2EC36B2A773A530023E7D2 /* Base */,
			);
			name = LaunchScreen.storyboard;
			sourceTree = "<group>";
		};
/* End PBXVariantGroup section */

/* Begin XCBuildConfiguration section */
		4C2EC36E2A773A530023E7D2 /* Debug */ = {
			isa = XCBuildConfiguration;
			buildSettings = {
				ALWAYS_SEARCH_USER_PATHS = NO;
				CLANG_ANALYZER_NONNULL = YES;
				CLANG_ANALYZER_NUMBER_OBJECT_CONVERSION = YES_AGGRESSIVE;
				CLANG_CXX_LANGUAGE_STANDARD = "gnu++20";
				CLANG_ENABLE_MODULES = YES;
				CLANG_ENABLE_OBJC_ARC = YES;
				CLANG_ENABLE_OBJC_WEAK = YES;
				CLANG_WARN_BLOCK_CAPTURE_AUTORELEASING = YES;
				CLANG_WARN_BOOL_CONVERSION = YES;
				CLANG_WARN_COMMA = YES;
				CLANG_WARN_CONSTANT_CONVERSION = YES;
				CLANG_WARN_DEPRECATED_OBJC_IMPLEMENTATIONS = YES;
				CLANG_WARN_DIRECT_OBJC_ISA_USAGE = YES_ERROR;
				CLANG_WARN_DOCUMENTATION_COMMENTS = YES;
				CLANG_WARN_EMPTY_BODY = YES;
				CLANG_WARN_ENUM_CONVERSION = YES;
				CLANG_WARN_INFINITE_RECURSION = YES;
				CLANG_WARN_INT_CONVERSION = YES;
				CLANG_WARN_NON_LITERAL_NULL_CONVERSION = YES;
				CLANG_WARN_OBJC_IMPLICIT_RETAIN_SELF = YES;
				CLANG_WARN_OBJC_LITERAL_CONVERSION = YES;
				CLANG_WARN_OBJC_ROOT_CLASS = YES_ERROR;
				CLANG_WARN_QUOTED_INCLUDE_IN_FRAMEWORK_HEADER = YES;
				CLANG_WARN_RANGE_LOOP_ANALYSIS = YES;
				CLANG_WARN_STRICT_PROTOTYPES = YES;
				CLANG_WARN_SUSPICIOUS_MOVE = YES;
				CLANG_WARN_UNGUARDED_AVAILABILITY = YES_AGGRESSIVE;
				CLANG_WARN_UNREACHABLE_CODE = YES;
				CLANG_WARN__DUPLICATE_METHOD_MATCH = YES;
				COPY_PHASE_STRIP = NO;
				DEBUG_INFORMATION_FORMAT = dwarf;
				ENABLE_STRICT_OBJC_MSGSEND = YES;
				ENABLE_TESTABILITY = YES;
				GCC_C_LANGUAGE_STANDARD = gnu11;
				GCC_DYNAMIC_NO_PIC = NO;
				GCC_NO_COMMON_BLOCKS = YES;
				GCC_OPTIMIZATION_LEVEL = 0;
				GCC_PREPROCESSOR_DEFINITIONS = (
					"DEBUG=1",
					"$(inherited)",
				);
				GCC_WARN_64_TO_32_BIT_CONVERSION = YES;
				GCC_WARN_ABOUT_RETURN_TYPE = YES_ERROR;
				GCC_WARN_UNDECLARED_SELECTOR = YES;
				GCC_WARN_UNINITIALIZED_AUTOS = YES_AGGRESSIVE;
				GCC_WARN_UNUSED_FUNCTION = YES;
				GCC_WARN_UNUSED_VARIABLE = YES;
				IPHONEOS_DEPLOYMENT_TARGET = 16.4;
				MTL_ENABLE_DEBUG_INFO = INCLUDE_SOURCE;
				MTL_FAST_MATH = YES;
				ONLY_ACTIVE_ARCH = YES;
				SDKROOT = iphoneos;
				SWIFT_ACTIVE_COMPILATION_CONDITIONS = DEBUG;
				SWIFT_OPTIMIZATION_LEVEL = "-Onone";
			};
			name = Debug;
		};
		4C2EC36F2A773A530023E7D2 /* Release */ = {
			isa = XCBuildConfiguration;
			buildSettings = {
				ALWAYS_SEARCH_USER_PATHS = NO;
				CLANG_ANALYZER_NONNULL = YES;
				CLANG_ANALYZER_NUMBER_OBJECT_CONVERSION = YES_AGGRESSIVE;
				CLANG_CXX_LANGUAGE_STANDARD = "gnu++20";
				CLANG_ENABLE_MODULES = YES;
				CLANG_ENABLE_OBJC_ARC = YES;
				CLANG_ENABLE_OBJC_WEAK = YES;
				CLANG_WARN_BLOCK_CAPTURE_AUTORELEASING = YES;
				CLANG_WARN_BOOL_CONVERSION = YES;
				CLANG_WARN_COMMA = YES;
				CLANG_WARN_CONSTANT_CONVERSION = YES;
				CLANG_WARN_DEPRECATED_OBJC_IMPLEMENTATIONS = YES;
				CLANG_WARN_DIRECT_OBJC_ISA_USAGE = YES_ERROR;
				CLANG_WARN_DOCUMENTATION_COMMENTS = YES;
				CLANG_WARN_EMPTY_BODY = YES;
				CLANG_WARN_ENUM_CONVERSION = YES;
				CLANG_WARN_INFINITE_RECURSION = YES;
				CLANG_WARN_INT_CONVERSION = YES;
				CLANG_WARN_NON_LITERAL_NULL_CONVERSION = YES;
				CLANG_WARN_OBJC_IMPLICIT_RETAIN_SELF = YES;
				CLANG_WARN_OBJC_LITERAL_CONVERSION = YES;
				CLANG_WARN_OBJC_ROOT_CLASS = YES_ERROR;
				CLANG_WARN_QUOTED_INCLUDE_IN_FRAMEWORK_HEADER = YES;
				CLANG_WARN_RANGE_LOOP_ANALYSIS = YES;
				CLANG_WARN_STRICT_PROTOTYPES = YES;
				CLANG_WARN_SUSPICIOUS_MOVE = YES;
				CLANG_WARN_UNGUARDED_AVAILABILITY = YES_AGGRESSIVE;
				CLANG_WARN_UNREACHABLE_CODE = YES;
				CLANG_WARN__DUPLICATE_METHOD_MATCH = YES;
				COPY_PHASE_STRIP = NO;
				DEBUG_INFORMATION_FORMAT = "dwarf-with-dsym";
				ENABLE_NS_ASSERTIONS = NO;
				ENABLE_STRICT_OBJC_MSGSEND = YES;
				GCC_C_LANGUAGE_STANDARD = gnu11;
				GCC_NO_COMMON_BLOCKS = YES;
				GCC_WARN_64_TO_32_BIT_CONVERSION = YES;
				GCC_WARN_ABOUT_RETURN_TYPE = YES_ERROR;
				GCC_WARN_UNDECLARED_SELECTOR = YES;
				GCC_WARN_UNINITIALIZED_AUTOS = YES_AGGRESSIVE;
				GCC_WARN_UNUSED_FUNCTION = YES;
				GCC_WARN_UNUSED_VARIABLE = YES;
				IPHONEOS_DEPLOYMENT_TARGET = 16.4;
				MTL_ENABLE_DEBUG_INFO = NO;
				MTL_FAST_MATH = YES;
				SDKROOT = iphoneos;
				SWIFT_COMPILATION_MODE = wholemodule;
				SWIFT_OPTIMIZATION_LEVEL = "-O";
				VALIDATE_PRODUCT = YES;
			};
			name = Release;
		};
		4C2EC3712A773A530023E7D2 /* Debug */ = {
			isa = XCBuildConfiguration;
			buildSettings = {
				ASSETCATALOG_COMPILER_APPICON_NAME = AppIcon;
				ASSETCATALOG_COMPILER_GLOBAL_ACCENT_COLOR_NAME = AccentColor;
				CODE_SIGN_STYLE = Automatic;
				CURRENT_PROJECT_VERSION = 1;
				DEVELOPMENT_TEAM = Z9S6MZGC9J;
				GENERATE_INFOPLIST_FILE = YES;
				INFOPLIST_FILE = OneLineDiary/Info.plist;
				INFOPLIST_KEY_UIApplicationSupportsIndirectInputEvents = YES;
				INFOPLIST_KEY_UILaunchStoryboardName = LaunchScreen;
				INFOPLIST_KEY_UIMainStoryboardFile = Main;
				INFOPLIST_KEY_UISupportedInterfaceOrientations_iPad = "UIInterfaceOrientationPortrait UIInterfaceOrientationPortraitUpsideDown UIInterfaceOrientationLandscapeLeft UIInterfaceOrientationLandscapeRight";
				INFOPLIST_KEY_UISupportedInterfaceOrientations_iPhone = "UIInterfaceOrientationPortrait UIInterfaceOrientationLandscapeLeft UIInterfaceOrientationLandscapeRight";
				LD_RUNPATH_SEARCH_PATHS = (
					"$(inherited)",
					"@executable_path/Frameworks",
				);
				MARKETING_VERSION = 1.0;
				PRODUCT_BUNDLE_IDENTIFIER = com.sesac.OneLineDiary;
				PRODUCT_NAME = "$(TARGET_NAME)";
				SWIFT_EMIT_LOC_STRINGS = YES;
				SWIFT_VERSION = 5.0;
				TARGETED_DEVICE_FAMILY = "1,2";
			};
			name = Debug;
		};
		4C2EC3722A773A530023E7D2 /* Release */ = {
			isa = XCBuildConfiguration;
			buildSettings = {
				ASSETCATALOG_COMPILER_APPICON_NAME = AppIcon;
				ASSETCATALOG_COMPILER_GLOBAL_ACCENT_COLOR_NAME = AccentColor;
				CODE_SIGN_STYLE = Automatic;
				CURRENT_PROJECT_VERSION = 1;
				DEVELOPMENT_TEAM = Z9S6MZGC9J;
				GENERATE_INFOPLIST_FILE = YES;
				INFOPLIST_FILE = OneLineDiary/Info.plist;
				INFOPLIST_KEY_UIApplicationSupportsIndirectInputEvents = YES;
				INFOPLIST_KEY_UILaunchStoryboardName = LaunchScreen;
				INFOPLIST_KEY_UIMainStoryboardFile = Main;
				INFOPLIST_KEY_UISupportedInterfaceOrientations_iPad = "UIInterfaceOrientationPortrait UIInterfaceOrientationPortraitUpsideDown UIInterfaceOrientationLandscapeLeft UIInterfaceOrientationLandscapeRight";
				INFOPLIST_KEY_UISupportedInterfaceOrientations_iPhone = "UIInterfaceOrientationPortrait UIInterfaceOrientationLandscapeLeft UIInterfaceOrientationLandscapeRight";
				LD_RUNPATH_SEARCH_PATHS = (
					"$(inherited)",
					"@executable_path/Frameworks",
				);
				MARKETING_VERSION = 1.0;
				PRODUCT_BUNDLE_IDENTIFIER = com.sesac.OneLineDiary;
				PRODUCT_NAME = "$(TARGET_NAME)";
				SWIFT_EMIT_LOC_STRINGS = YES;
				SWIFT_VERSION = 5.0;
				TARGETED_DEVICE_FAMILY = "1,2";
			};
			name = Release;
		};
/* End XCBuildConfiguration section */

/* Begin XCConfigurationList section */
		4C2EC3572A773A520023E7D2 /* Build configuration list for PBXProject "OneLineDiary" */ = {
			isa = XCConfigurationList;
			buildConfigurations = (
				4C2EC36E2A773A530023E7D2 /* Debug */,
				4C2EC36F2A773A530023E7D2 /* Release */,
			);
			defaultConfigurationIsVisible = 0;
			defaultConfigurationName = Release;
		};
		4C2EC3702A773A530023E7D2 /* Build configuration list for PBXNativeTarget "OneLineDiary" */ = {
			isa = XCConfigurationList;
			buildConfigurations = (
				4C2EC3712A773A530023E7D2 /* Debug */,
				4C2EC3722A773A530023E7D2 /* Release */,
			);
			defaultConfigurationIsVisible = 0;
			defaultConfigurationName = Release;
		};
/* End XCConfigurationList section */
	};
	rootObject = 4C2EC3542A773A520023E7D2 /* Project object */;
}
