// !$*UTF8*$!
{
	archiveVersion = 1;
	classes = {
	};
	objectVersion = 56;
	objects = {

/* Begin PBXBuildFile section */
		4C6287312A77997C00A6808E /* AppDelegate.swift in Sources */ = {isa = PBXBuildFile; fileRef = 4C6287302A77997C00A6808E /* AppDelegate.swift */; };
		4C6287332A77997C00A6808E /* SceneDelegate.swift in Sources */ = {isa = PBXBuildFile; fileRef = 4C6287322A77997C00A6808E /* SceneDelegate.swift */; };
		4C6287382A77997C00A6808E /* Main.storyboard in Resources */ = {isa = PBXBuildFile; fileRef = 4C6287362A77997C00A6808E /* Main.storyboard */; };
		4C62873A2A77997C00A6808E /* Assets.xcassets in Resources */ = {isa = PBXBuildFile; fileRef = 4C6287392A77997C00A6808E /* Assets.xcassets */; };
		4C62873D2A77997C00A6808E /* LaunchScreen.storyboard in Resources */ = {isa = PBXBuildFile; fileRef = 4C62873B2A77997C00A6808E /* LaunchScreen.storyboard */; };
		4C6287452A779C7C00A6808E /* BookCollectionViewController.swift in Sources */ = {isa = PBXBuildFile; fileRef = 4C6287442A779C7C00A6808E /* BookCollectionViewController.swift */; };
		4C6287482A779CBD00A6808E /* BookCollectionViewCell.swift in Sources */ = {isa = PBXBuildFile; fileRef = 4C6287462A779CBD00A6808E /* BookCollectionViewCell.swift */; };
		4C6287492A779CBD00A6808E /* BookCollectionViewCell.xib in Resources */ = {isa = PBXBuildFile; fileRef = 4C6287472A779CBD00A6808E /* BookCollectionViewCell.xib */; };
		4C62874B2A779F7500A6808E /* MovieInfo.swift in Sources */ = {isa = PBXBuildFile; fileRef = 4C62874A2A779F7500A6808E /* MovieInfo.swift */; };
		4C62874D2A779F9700A6808E /* Movie.swift in Sources */ = {isa = PBXBuildFile; fileRef = 4C62874C2A779F9700A6808E /* Movie.swift */; };
		4C62874F2A77AB0D00A6808E /* SearchViewController.swift in Sources */ = {isa = PBXBuildFile; fileRef = 4C62874E2A77AB0D00A6808E /* SearchViewController.swift */; };
		4C6287512A77AB1800A6808E /* DetailViewController.swift in Sources */ = {isa = PBXBuildFile; fileRef = 4C6287502A77AB1800A6808E /* DetailViewController.swift */; };
		4CAE9FEB2AA5C11900783CC6 /* ApiKey.swift in Sources */ = {isa = PBXBuildFile; fileRef = 4CAE9FEA2AA5C11900783CC6 /* ApiKey.swift */; };
		4CAE9FED2AA5C4AB00783CC6 /* kakaoAPIManager.swift in Sources */ = {isa = PBXBuildFile; fileRef = 4CAE9FEC2AA5C4AB00783CC6 /* kakaoAPIManager.swift */; };
		4CAE9FF02AA5C51F00783CC6 /* SnapKit in Frameworks */ = {isa = PBXBuildFile; productRef = 4CAE9FEF2AA5C51F00783CC6 /* SnapKit */; };
		4CAE9FF32AA5C52800783CC6 /* Alamofire in Frameworks */ = {isa = PBXBuildFile; productRef = 4CAE9FF22AA5C52800783CC6 /* Alamofire */; };
		4CAE9FF52AA5C5BF00783CC6 /* StructKakao.swift in Sources */ = {isa = PBXBuildFile; fileRef = 4CAE9FF42AA5C5BF00783CC6 /* StructKakao.swift */; };
		4CAE9FF72AA5C93400783CC6 /* SearchTableViewCell.swift in Sources */ = {isa = PBXBuildFile; fileRef = 4CAE9FF62AA5C93400783CC6 /* SearchTableViewCell.swift */; };
		4CAE9FFA2AA5D1A900783CC6 /* Kingfisher in Frameworks */ = {isa = PBXBuildFile; productRef = 4CAE9FF92AA5D1A900783CC6 /* Kingfisher */; };
		4CAE9FFC2AA5E32D00783CC6 /* RealmModel.swift in Sources */ = {isa = PBXBuildFile; fileRef = 4CAE9FFB2AA5E32D00783CC6 /* RealmModel.swift */; };
		4CAE9FFF2AA5E3F700783CC6 /* Realm in Frameworks */ = {isa = PBXBuildFile; productRef = 4CAE9FFE2AA5E3F700783CC6 /* Realm */; };
		4CAEA0012AA5E3F700783CC6 /* RealmSwift in Frameworks */ = {isa = PBXBuildFile; productRef = 4CAEA0002AA5E3F700783CC6 /* RealmSwift */; };
		4CAEA0072AA772DA00783CC6 /* FileManager+Extension.swift in Sources */ = {isa = PBXBuildFile; fileRef = 4CAEA0062AA772DA00783CC6 /* FileManager+Extension.swift */; };
		4CAEA0092AA778FB00783CC6 /* RealmDetailViewController.swift in Sources */ = {isa = PBXBuildFile; fileRef = 4CAEA0082AA778FB00783CC6 /* RealmDetailViewController.swift */; };
		4CD15F472A7A52FF006BCFB5 /* AroundViewController.swift in Sources */ = {isa = PBXBuildFile; fileRef = 4CD15F462A7A52FF006BCFB5 /* AroundViewController.swift */; };
		4CD15F4C2A7A53D5006BCFB5 /* BestTableViewCell.swift in Sources */ = {isa = PBXBuildFile; fileRef = 4CD15F4A2A7A53D5006BCFB5 /* BestTableViewCell.swift */; };
		4CD15F4D2A7A53D5006BCFB5 /* BestTableViewCell.xib in Resources */ = {isa = PBXBuildFile; fileRef = 4CD15F4B2A7A53D5006BCFB5 /* BestTableViewCell.xib */; };
		4CD15F502A7A9724006BCFB5 /* RecentCollectionViewCell.swift in Sources */ = {isa = PBXBuildFile; fileRef = 4CD15F4E2A7A9723006BCFB5 /* RecentCollectionViewCell.swift */; };
		4CD15F512A7A9724006BCFB5 /* RecentCollectionViewCell.xib in Resources */ = {isa = PBXBuildFile; fileRef = 4CD15F4F2A7A9723006BCFB5 /* RecentCollectionViewCell.xib */; };
/* End PBXBuildFile section */

/* Begin PBXFileReference section */
		4C62872D2A77997C00A6808E /* BOOKWARM.app */ = {isa = PBXFileReference; explicitFileType = wrapper.application; includeInIndex = 0; path = BOOKWARM.app; sourceTree = BUILT_PRODUCTS_DIR; };
		4C6287302A77997C00A6808E /* AppDelegate.swift */ = {isa = PBXFileReference; lastKnownFileType = sourcecode.swift; path = AppDelegate.swift; sourceTree = "<group>"; };
		4C6287322A77997C00A6808E /* SceneDelegate.swift */ = {isa = PBXFileReference; lastKnownFileType = sourcecode.swift; path = SceneDelegate.swift; sourceTree = "<group>"; };
		4C6287372A77997C00A6808E /* Base */ = {isa = PBXFileReference; lastKnownFileType = file.storyboard; name = Base; path = Base.lproj/Main.storyboard; sourceTree = "<group>"; };
		4C6287392A77997C00A6808E /* Assets.xcassets */ = {isa = PBXFileReference; lastKnownFileType = folder.assetcatalog; path = Assets.xcassets; sourceTree = "<group>"; };
		4C62873C2A77997C00A6808E /* Base */ = {isa = PBXFileReference; lastKnownFileType = file.storyboard; name = Base; path = Base.lproj/LaunchScreen.storyboard; sourceTree = "<group>"; };
		4C62873E2A77997C00A6808E /* Info.plist */ = {isa = PBXFileReference; lastKnownFileType = text.plist.xml; path = Info.plist; sourceTree = "<group>"; };
		4C6287442A779C7C00A6808E /* BookCollectionViewController.swift */ = {isa = PBXFileReference; lastKnownFileType = sourcecode.swift; path = BookCollectionViewController.swift; sourceTree = "<group>"; };
		4C6287462A779CBD00A6808E /* BookCollectionViewCell.swift */ = {isa = PBXFileReference; lastKnownFileType = sourcecode.swift; path = BookCollectionViewCell.swift; sourceTree = "<group>"; };
		4C6287472A779CBD00A6808E /* BookCollectionViewCell.xib */ = {isa = PBXFileReference; lastKnownFileType = file.xib; path = BookCollectionViewCell.xib; sourceTree = "<group>"; };
		4C62874A2A779F7500A6808E /* MovieInfo.swift */ = {isa = PBXFileReference; fileEncoding = 4; lastKnownFileType = sourcecode.swift; path = MovieInfo.swift; sourceTree = "<group>"; };
		4C62874C2A779F9700A6808E /* Movie.swift */ = {isa = PBXFileReference; lastKnownFileType = sourcecode.swift; path = Movie.swift; sourceTree = "<group>"; };
		4C62874E2A77AB0D00A6808E /* SearchViewController.swift */ = {isa = PBXFileReference; lastKnownFileType = sourcecode.swift; path = SearchViewController.swift; sourceTree = "<group>"; };
		4C6287502A77AB1800A6808E /* DetailViewController.swift */ = {isa = PBXFileReference; lastKnownFileType = sourcecode.swift; path = DetailViewController.swift; sourceTree = "<group>"; };
		4CAE9FEA2AA5C11900783CC6 /* ApiKey.swift */ = {isa = PBXFileReference; lastKnownFileType = sourcecode.swift; path = ApiKey.swift; sourceTree = "<group>"; };
		4CAE9FEC2AA5C4AB00783CC6 /* kakaoAPIManager.swift */ = {isa = PBXFileReference; lastKnownFileType = sourcecode.swift; path = kakaoAPIManager.swift; sourceTree = "<group>"; };
		4CAE9FF42AA5C5BF00783CC6 /* StructKakao.swift */ = {isa = PBXFileReference; lastKnownFileType = sourcecode.swift; path = StructKakao.swift; sourceTree = "<group>"; };
		4CAE9FF62AA5C93400783CC6 /* SearchTableViewCell.swift */ = {isa = PBXFileReference; lastKnownFileType = sourcecode.swift; path = SearchTableViewCell.swift; sourceTree = "<group>"; };
		4CAE9FFB2AA5E32D00783CC6 /* RealmModel.swift */ = {isa = PBXFileReference; lastKnownFileType = sourcecode.swift; path = RealmModel.swift; sourceTree = "<group>"; };
		4CAEA0062AA772DA00783CC6 /* FileManager+Extension.swift */ = {isa = PBXFileReference; lastKnownFileType = sourcecode.swift; path = "FileManager+Extension.swift"; sourceTree = "<group>"; };
		4CAEA0082AA778FB00783CC6 /* RealmDetailViewController.swift */ = {isa = PBXFileReference; lastKnownFileType = sourcecode.swift; path = RealmDetailViewController.swift; sourceTree = "<group>"; };
		4CD15F462A7A52FF006BCFB5 /* AroundViewController.swift */ = {isa = PBXFileReference; lastKnownFileType = sourcecode.swift; path = AroundViewController.swift; sourceTree = "<group>"; };
		4CD15F4A2A7A53D5006BCFB5 /* BestTableViewCell.swift */ = {isa = PBXFileReference; lastKnownFileType = sourcecode.swift; path = BestTableViewCell.swift; sourceTree = "<group>"; };
		4CD15F4B2A7A53D5006BCFB5 /* BestTableViewCell.xib */ = {isa = PBXFileReference; lastKnownFileType = file.xib; path = BestTableViewCell.xib; sourceTree = "<group>"; };
		4CD15F4E2A7A9723006BCFB5 /* RecentCollectionViewCell.swift */ = {isa = PBXFileReference; lastKnownFileType = sourcecode.swift; path = RecentCollectionViewCell.swift; sourceTree = "<group>"; };
		4CD15F4F2A7A9723006BCFB5 /* RecentCollectionViewCell.xib */ = {isa = PBXFileReference; lastKnownFileType = file.xib; path = RecentCollectionViewCell.xib; sourceTree = "<group>"; };
/* End PBXFileReference section */

/* Begin PBXFrameworksBuildPhase section */
		4C62872A2A77997C00A6808E /* Frameworks */ = {
			isa = PBXFrameworksBuildPhase;
			buildActionMask = 2147483647;
			files = (
				4CAE9FFA2AA5D1A900783CC6 /* Kingfisher in Frameworks */,
				4CAE9FF02AA5C51F00783CC6 /* SnapKit in Frameworks */,
				4CAE9FFF2AA5E3F700783CC6 /* Realm in Frameworks */,
				4CAEA0012AA5E3F700783CC6 /* RealmSwift in Frameworks */,
				4CAE9FF32AA5C52800783CC6 /* Alamofire in Frameworks */,
			);
			runOnlyForDeploymentPostprocessing = 0;
		};
/* End PBXFrameworksBuildPhase section */

/* Begin PBXGroup section */
		4C6287242A77997C00A6808E = {
			isa = PBXGroup;
			children = (
				4C62872F2A77997C00A6808E /* BOOKWARM */,
				4C62872E2A77997C00A6808E /* Products */,
			);
			sourceTree = "<group>";
		};
		4C62872E2A77997C00A6808E /* Products */ = {
			isa = PBXGroup;
			children = (
				4C62872D2A77997C00A6808E /* BOOKWARM.app */,
			);
			name = Products;
			sourceTree = "<group>";
		};
		4C62872F2A77997C00A6808E /* BOOKWARM */ = {
			isa = PBXGroup;
			children = (
				4C6287302A77997C00A6808E /* AppDelegate.swift */,
				4C6287322A77997C00A6808E /* SceneDelegate.swift */,
				4C6287362A77997C00A6808E /* Main.storyboard */,
				4C6287502A77AB1800A6808E /* DetailViewController.swift */,
				4C6287442A779C7C00A6808E /* BookCollectionViewController.swift */,
				4C6287462A779CBD00A6808E /* BookCollectionViewCell.swift */,
				4C6287472A779CBD00A6808E /* BookCollectionViewCell.xib */,
				4C62874E2A77AB0D00A6808E /* SearchViewController.swift */,
				4CAE9FF62AA5C93400783CC6 /* SearchTableViewCell.swift */,
				4CAEA0082AA778FB00783CC6 /* RealmDetailViewController.swift */,
				4C6287392A77997C00A6808E /* Assets.xcassets */,
				4C62874C2A779F9700A6808E /* Movie.swift */,
				4C62874A2A779F7500A6808E /* MovieInfo.swift */,
				4CD15F462A7A52FF006BCFB5 /* AroundViewController.swift */,
				4CD15F4A2A7A53D5006BCFB5 /* BestTableViewCell.swift */,
				4CD15F4E2A7A9723006BCFB5 /* RecentCollectionViewCell.swift */,
				4CD15F4F2A7A9723006BCFB5 /* RecentCollectionViewCell.xib */,
				4CD15F4B2A7A53D5006BCFB5 /* BestTableViewCell.xib */,
				4C62873B2A77997C00A6808E /* LaunchScreen.storyboard */,
				4CAE9FEA2AA5C11900783CC6 /* ApiKey.swift */,
				4CAE9FEC2AA5C4AB00783CC6 /* kakaoAPIManager.swift */,
				4CAE9FF42AA5C5BF00783CC6 /* StructKakao.swift */,
				4CAE9FFB2AA5E32D00783CC6 /* RealmModel.swift */,
				4CAEA0062AA772DA00783CC6 /* FileManager+Extension.swift */,
				4C62873E2A77997C00A6808E /* Info.plist */,
			);
			path = BOOKWARM;
			sourceTree = "<group>";
		};
/* End PBXGroup section */

/* Begin PBXNativeTarget section */
		4C62872C2A77997C00A6808E /* BOOKWARM */ = {
			isa = PBXNativeTarget;
			buildConfigurationList = 4C6287412A77997C00A6808E /* Build configuration list for PBXNativeTarget "BOOKWARM" */;
			buildPhases = (
				4C6287292A77997C00A6808E /* Sources */,
				4C62872A2A77997C00A6808E /* Frameworks */,
				4C62872B2A77997C00A6808E /* Resources */,
			);
			buildRules = (
			);
			dependencies = (
			);
			name = BOOKWARM;
			packageProductDependencies = (
				4CAE9FEF2AA5C51F00783CC6 /* SnapKit */,
				4CAE9FF22AA5C52800783CC6 /* Alamofire */,
				4CAE9FF92AA5D1A900783CC6 /* Kingfisher */,
				4CAE9FFE2AA5E3F700783CC6 /* Realm */,
				4CAEA0002AA5E3F700783CC6 /* RealmSwift */,
			);
			productName = BOOKWARM;
			productReference = 4C62872D2A77997C00A6808E /* BOOKWARM.app */;
			productType = "com.apple.product-type.application";
		};
/* End PBXNativeTarget section */

/* Begin PBXProject section */
		4C6287252A77997C00A6808E /* Project object */ = {
			isa = PBXProject;
			attributes = {
				BuildIndependentTargetsInParallel = 1;
				LastSwiftUpdateCheck = 1430;
				LastUpgradeCheck = 1430;
				TargetAttributes = {
					4C62872C2A77997C00A6808E = {
						CreatedOnToolsVersion = 14.3.1;
					};
				};
			};
			buildConfigurationList = 4C6287282A77997C00A6808E /* Build configuration list for PBXProject "BOOKWARM" */;
			compatibilityVersion = "Xcode 14.0";
			developmentRegion = en;
			hasScannedForEncodings = 0;
			knownRegions = (
				en,
				Base,
			);
			mainGroup = 4C6287242A77997C00A6808E;
			packageReferences = (
				4CAE9FEE2AA5C51F00783CC6 /* XCRemoteSwiftPackageReference "SnapKit" */,
				4CAE9FF12AA5C52800783CC6 /* XCRemoteSwiftPackageReference "Alamofire" */,
				4CAE9FF82AA5D1A900783CC6 /* XCRemoteSwiftPackageReference "Kingfisher" */,
				4CAE9FFD2AA5E3F700783CC6 /* XCRemoteSwiftPackageReference "realm-swift" */,
			);
			productRefGroup = 4C62872E2A77997C00A6808E /* Products */;
			projectDirPath = "";
			projectRoot = "";
			targets = (
				4C62872C2A77997C00A6808E /* BOOKWARM */,
			);
		};
/* End PBXProject section */

/* Begin PBXResourcesBuildPhase section */
		4C62872B2A77997C00A6808E /* Resources */ = {
			isa = PBXResourcesBuildPhase;
			buildActionMask = 2147483647;
			files = (
				4C62873D2A77997C00A6808E /* LaunchScreen.storyboard in Resources */,
				4CD15F512A7A9724006BCFB5 /* RecentCollectionViewCell.xib in Resources */,
				4CD15F4D2A7A53D5006BCFB5 /* BestTableViewCell.xib in Resources */,
				4C6287492A779CBD00A6808E /* BookCollectionViewCell.xib in Resources */,
				4C62873A2A77997C00A6808E /* Assets.xcassets in Resources */,
				4C6287382A77997C00A6808E /* Main.storyboard in Resources */,
			);
			runOnlyForDeploymentPostprocessing = 0;
		};
/* End PBXResourcesBuildPhase section */

/* Begin PBXSourcesBuildPhase section */
		4C6287292A77997C00A6808E /* Sources */ = {
			isa = PBXSourcesBuildPhase;
			buildActionMask = 2147483647;
			files = (
				4C6287312A77997C00A6808E /* AppDelegate.swift in Sources */,
				4CAEA0092AA778FB00783CC6 /* RealmDetailViewController.swift in Sources */,
				4CAE9FED2AA5C4AB00783CC6 /* kakaoAPIManager.swift in Sources */,
				4C62874F2A77AB0D00A6808E /* SearchViewController.swift in Sources */,
				4CD15F502A7A9724006BCFB5 /* RecentCollectionViewCell.swift in Sources */,
				4C62874B2A779F7500A6808E /* MovieInfo.swift in Sources */,
				4C62874D2A779F9700A6808E /* Movie.swift in Sources */,
				4C6287482A779CBD00A6808E /* BookCollectionViewCell.swift in Sources */,
				4CD15F4C2A7A53D5006BCFB5 /* BestTableViewCell.swift in Sources */,
				4C6287332A77997C00A6808E /* SceneDelegate.swift in Sources */,
				4CAE9FF72AA5C93400783CC6 /* SearchTableViewCell.swift in Sources */,
				4C6287452A779C7C00A6808E /* BookCollectionViewController.swift in Sources */,
				4CAEA0072AA772DA00783CC6 /* FileManager+Extension.swift in Sources */,
				4CAE9FF52AA5C5BF00783CC6 /* StructKakao.swift in Sources */,
				4CD15F472A7A52FF006BCFB5 /* AroundViewController.swift in Sources */,
				4CAE9FFC2AA5E32D00783CC6 /* RealmModel.swift in Sources */,
				4CAE9FEB2AA5C11900783CC6 /* ApiKey.swift in Sources */,
				4C6287512A77AB1800A6808E /* DetailViewController.swift in Sources */,
			);
			runOnlyForDeploymentPostprocessing = 0;
		};
/* End PBXSourcesBuildPhase section */

/* Begin PBXVariantGroup section */
		4C6287362A77997C00A6808E /* Main.storyboard */ = {
			isa = PBXVariantGroup;
			children = (
				4C6287372A77997C00A6808E /* Base */,
			);
			name = Main.storyboard;
			sourceTree = "<group>";
		};
		4C62873B2A77997C00A6808E /* LaunchScreen.storyboard */ = {
			isa = PBXVariantGroup;
			children = (
				4C62873C2A77997C00A6808E /* Base */,
			);
			name = LaunchScreen.storyboard;
			sourceTree = "<group>";
		};
/* End PBXVariantGroup section */

/* Begin XCBuildConfiguration section */
		4C62873F2A77997C00A6808E /* Debug */ = {
			isa = XCBuildConfiguration;
			buildSettings = {
				ALWAYS_SEARCH_USER_PATHS = NO;
				CLANG_ANALYZER_NONNULL = YES;
				CLANG_ANALYZER_NUMBER_OBJECT_CONVERSION = YES_AGGRESSIVE;
				CLANG_CXX_LANGUAGE_STANDARD = "gnu++20";
				CLANG_ENABLE_MODULES = YES;
				CLANG_ENABLE_OBJC_ARC = YES;
				CLANG_ENABLE_OBJC_WEAK = YES;
				CLANG_WARN_BLOCK_CAPTURE_AUTORELEASING = YES;
				CLANG_WARN_BOOL_CONVERSION = YES;
				CLANG_WARN_COMMA = YES;
				CLANG_WARN_CONSTANT_CONVERSION = YES;
				CLANG_WARN_DEPRECATED_OBJC_IMPLEMENTATIONS = YES;
				CLANG_WARN_DIRECT_OBJC_ISA_USAGE = YES_ERROR;
				CLANG_WARN_DOCUMENTATION_COMMENTS = YES;
				CLANG_WARN_EMPTY_BODY = YES;
				CLANG_WARN_ENUM_CONVERSION = YES;
				CLANG_WARN_INFINITE_RECURSION = YES;
				CLANG_WARN_INT_CONVERSION = YES;
				CLANG_WARN_NON_LITERAL_NULL_CONVERSION = YES;
				CLANG_WARN_OBJC_IMPLICIT_RETAIN_SELF = YES;
				CLANG_WARN_OBJC_LITERAL_CONVERSION = YES;
				CLANG_WARN_OBJC_ROOT_CLASS = YES_ERROR;
				CLANG_WARN_QUOTED_INCLUDE_IN_FRAMEWORK_HEADER = YES;
				CLANG_WARN_RANGE_LOOP_ANALYSIS = YES;
				CLANG_WARN_STRICT_PROTOTYPES = YES;
				CLANG_WARN_SUSPICIOUS_MOVE = YES;
				CLANG_WARN_UNGUARDED_AVAILABILITY = YES_AGGRESSIVE;
				CLANG_WARN_UNREACHABLE_CODE = YES;
				CLANG_WARN__DUPLICATE_METHOD_MATCH = YES;
				COPY_PHASE_STRIP = NO;
				DEBUG_INFORMATION_FORMAT = dwarf;
				ENABLE_STRICT_OBJC_MSGSEND = YES;
				ENABLE_TESTABILITY = YES;
				GCC_C_LANGUAGE_STANDARD = gnu11;
				GCC_DYNAMIC_NO_PIC = NO;
				GCC_NO_COMMON_BLOCKS = YES;
				GCC_OPTIMIZATION_LEVEL = 0;
				GCC_PREPROCESSOR_DEFINITIONS = (
					"DEBUG=1",
					"$(inherited)",
				);
				GCC_WARN_64_TO_32_BIT_CONVERSION = YES;
				GCC_WARN_ABOUT_RETURN_TYPE = YES_ERROR;
				GCC_WARN_UNDECLARED_SELECTOR = YES;
				GCC_WARN_UNINITIALIZED_AUTOS = YES_AGGRESSIVE;
				GCC_WARN_UNUSED_FUNCTION = YES;
				GCC_WARN_UNUSED_VARIABLE = YES;
				IPHONEOS_DEPLOYMENT_TARGET = 16.4;
				MTL_ENABLE_DEBUG_INFO = INCLUDE_SOURCE;
				MTL_FAST_MATH = YES;
				ONLY_ACTIVE_ARCH = YES;
				SDKROOT = iphoneos;
				SWIFT_ACTIVE_COMPILATION_CONDITIONS = DEBUG;
				SWIFT_OPTIMIZATION_LEVEL = "-Onone";
			};
			name = Debug;
		};
		4C6287402A77997C00A6808E /* Release */ = {
			isa = XCBuildConfiguration;
			buildSettings = {
				ALWAYS_SEARCH_USER_PATHS = NO;
				CLANG_ANALYZER_NONNULL = YES;
				CLANG_ANALYZER_NUMBER_OBJECT_CONVERSION = YES_AGGRESSIVE;
				CLANG_CXX_LANGUAGE_STANDARD = "gnu++20";
				CLANG_ENABLE_MODULES = YES;
				CLANG_ENABLE_OBJC_ARC = YES;
				CLANG_ENABLE_OBJC_WEAK = YES;
				CLANG_WARN_BLOCK_CAPTURE_AUTORELEASING = YES;
				CLANG_WARN_BOOL_CONVERSION = YES;
				CLANG_WARN_COMMA = YES;
				CLANG_WARN_CONSTANT_CONVERSION = YES;
				CLANG_WARN_DEPRECATED_OBJC_IMPLEMENTATIONS = YES;
				CLANG_WARN_DIRECT_OBJC_ISA_USAGE = YES_ERROR;
				CLANG_WARN_DOCUMENTATION_COMMENTS = YES;
				CLANG_WARN_EMPTY_BODY = YES;
				CLANG_WARN_ENUM_CONVERSION = YES;
				CLANG_WARN_INFINITE_RECURSION = YES;
				CLANG_WARN_INT_CONVERSION = YES;
				CLANG_WARN_NON_LITERAL_NULL_CONVERSION = YES;
				CLANG_WARN_OBJC_IMPLICIT_RETAIN_SELF = YES;
				CLANG_WARN_OBJC_LITERAL_CONVERSION = YES;
				CLANG_WARN_OBJC_ROOT_CLASS = YES_ERROR;
				CLANG_WARN_QUOTED_INCLUDE_IN_FRAMEWORK_HEADER = YES;
				CLANG_WARN_RANGE_LOOP_ANALYSIS = YES;
				CLANG_WARN_STRICT_PROTOTYPES = YES;
				CLANG_WARN_SUSPICIOUS_MOVE = YES;
				CLANG_WARN_UNGUARDED_AVAILABILITY = YES_AGGRESSIVE;
				CLANG_WARN_UNREACHABLE_CODE = YES;
				CLANG_WARN__DUPLICATE_METHOD_MATCH = YES;
				COPY_PHASE_STRIP = NO;
				DEBUG_INFORMATION_FORMAT = "dwarf-with-dsym";
				ENABLE_NS_ASSERTIONS = NO;
				ENABLE_STRICT_OBJC_MSGSEND = YES;
				GCC_C_LANGUAGE_STANDARD = gnu11;
				GCC_NO_COMMON_BLOCKS = YES;
				GCC_WARN_64_TO_32_BIT_CONVERSION = YES;
				GCC_WARN_ABOUT_RETURN_TYPE = YES_ERROR;
				GCC_WARN_UNDECLARED_SELECTOR = YES;
				GCC_WARN_UNINITIALIZED_AUTOS = YES_AGGRESSIVE;
				GCC_WARN_UNUSED_FUNCTION = YES;
				GCC_WARN_UNUSED_VARIABLE = YES;
				IPHONEOS_DEPLOYMENT_TARGET = 16.4;
				MTL_ENABLE_DEBUG_INFO = NO;
				MTL_FAST_MATH = YES;
				SDKROOT = iphoneos;
				SWIFT_COMPILATION_MODE = wholemodule;
				SWIFT_OPTIMIZATION_LEVEL = "-O";
				VALIDATE_PRODUCT = YES;
			};
			name = Release;
		};
		4C6287422A77997C00A6808E /* Debug */ = {
			isa = XCBuildConfiguration;
			buildSettings = {
				ASSETCATALOG_COMPILER_APPICON_NAME = AppIcon;
				ASSETCATALOG_COMPILER_GLOBAL_ACCENT_COLOR_NAME = AccentColor;
				CODE_SIGN_STYLE = Automatic;
				CURRENT_PROJECT_VERSION = 1;
				DEVELOPMENT_TEAM = Z9S6MZGC9J;
				GENERATE_INFOPLIST_FILE = YES;
				INFOPLIST_FILE = BOOKWARM/Info.plist;
				INFOPLIST_KEY_UIApplicationSupportsIndirectInputEvents = YES;
				INFOPLIST_KEY_UILaunchStoryboardName = LaunchScreen;
				INFOPLIST_KEY_UIMainStoryboardFile = Main;
				INFOPLIST_KEY_UISupportedInterfaceOrientations_iPad = "UIInterfaceOrientationPortrait UIInterfaceOrientationPortraitUpsideDown UIInterfaceOrientationLandscapeLeft UIInterfaceOrientationLandscapeRight";
				INFOPLIST_KEY_UISupportedInterfaceOrientations_iPhone = "UIInterfaceOrientationPortrait UIInterfaceOrientationLandscapeLeft UIInterfaceOrientationLandscapeRight";
				LD_RUNPATH_SEARCH_PATHS = (
					"$(inherited)",
					"@executable_path/Frameworks",
				);
				MARKETING_VERSION = 1.0;
				PRODUCT_BUNDLE_IDENTIFIER = com.sesac.BOOKWARM;
				PRODUCT_NAME = "$(TARGET_NAME)";
				SWIFT_EMIT_LOC_STRINGS = YES;
				SWIFT_VERSION = 5.0;
				TARGETED_DEVICE_FAMILY = "1,2";
			};
			name = Debug;
		};
		4C6287432A77997C00A6808E /* Release */ = {
			isa = XCBuildConfiguration;
			buildSettings = {
				ASSETCATALOG_COMPILER_APPICON_NAME = AppIcon;
				ASSETCATALOG_COMPILER_GLOBAL_ACCENT_COLOR_NAME = AccentColor;
				CODE_SIGN_STYLE = Automatic;
				CURRENT_PROJECT_VERSION = 1;
				DEVELOPMENT_TEAM = Z9S6MZGC9J;
				GENERATE_INFOPLIST_FILE = YES;
				INFOPLIST_FILE = BOOKWARM/Info.plist;
				INFOPLIST_KEY_UIApplicationSupportsIndirectInputEvents = YES;
				INFOPLIST_KEY_UILaunchStoryboardName = LaunchScreen;
				INFOPLIST_KEY_UIMainStoryboardFile = Main;
				INFOPLIST_KEY_UISupportedInterfaceOrientations_iPad = "UIInterfaceOrientationPortrait UIInterfaceOrientationPortraitUpsideDown UIInterfaceOrientationLandscapeLeft UIInterfaceOrientationLandscapeRight";
				INFOPLIST_KEY_UISupportedInterfaceOrientations_iPhone = "UIInterfaceOrientationPortrait UIInterfaceOrientationLandscapeLeft UIInterfaceOrientationLandscapeRight";
				LD_RUNPATH_SEARCH_PATHS = (
					"$(inherited)",
					"@executable_path/Frameworks",
				);
				MARKETING_VERSION = 1.0;
				PRODUCT_BUNDLE_IDENTIFIER = com.sesac.BOOKWARM;
				PRODUCT_NAME = "$(TARGET_NAME)";
				SWIFT_EMIT_LOC_STRINGS = YES;
				SWIFT_VERSION = 5.0;
				TARGETED_DEVICE_FAMILY = "1,2";
			};
			name = Release;
		};
/* End XCBuildConfiguration section */

/* Begin XCConfigurationList section */
		4C6287282A77997C00A6808E /* Build configuration list for PBXProject "BOOKWARM" */ = {
			isa = XCConfigurationList;
			buildConfigurations = (
				4C62873F2A77997C00A6808E /* Debug */,
				4C6287402A77997C00A6808E /* Release */,
			);
			defaultConfigurationIsVisible = 0;
			defaultConfigurationName = Release;
		};
		4C6287412A77997C00A6808E /* Build configuration list for PBXNativeTarget "BOOKWARM" */ = {
			isa = XCConfigurationList;
			buildConfigurations = (
				4C6287422A77997C00A6808E /* Debug */,
				4C6287432A77997C00A6808E /* Release */,
			);
			defaultConfigurationIsVisible = 0;
			defaultConfigurationName = Release;
		};
/* End XCConfigurationList section */

/* Begin XCRemoteSwiftPackageReference section */
		4CAE9FEE2AA5C51F00783CC6 /* XCRemoteSwiftPackageReference "SnapKit" */ = {
			isa = XCRemoteSwiftPackageReference;
			repositoryURL = "https://github.com/SnapKit/SnapKit.git";
			requirement = {
				kind = upToNextMajorVersion;
				minimumVersion = 5.0.0;
			};
		};
		4CAE9FF12AA5C52800783CC6 /* XCRemoteSwiftPackageReference "Alamofire" */ = {
			isa = XCRemoteSwiftPackageReference;
			repositoryURL = "https://github.com/Alamofire/Alamofire.git";
			requirement = {
				kind = upToNextMajorVersion;
				minimumVersion = 5.0.0;
			};
		};
		4CAE9FF82AA5D1A900783CC6 /* XCRemoteSwiftPackageReference "Kingfisher" */ = {
			isa = XCRemoteSwiftPackageReference;
			repositoryURL = "https://github.com/onevcat/Kingfisher.git";
			requirement = {
				kind = upToNextMajorVersion;
				minimumVersion = 7.0.0;
			};
		};
		4CAE9FFD2AA5E3F700783CC6 /* XCRemoteSwiftPackageReference "realm-swift" */ = {
			isa = XCRemoteSwiftPackageReference;
			repositoryURL = "https://github.com/realm/realm-swift.git";
			requirement = {
				kind = exactVersion;
				version = 10.42.1;
			};
		};
/* End XCRemoteSwiftPackageReference section */

/* Begin XCSwiftPackageProductDependency section */
		4CAE9FEF2AA5C51F00783CC6 /* SnapKit */ = {
			isa = XCSwiftPackageProductDependency;
			package = 4CAE9FEE2AA5C51F00783CC6 /* XCRemoteSwiftPackageReference "SnapKit" */;
			productName = SnapKit;
		};
		4CAE9FF22AA5C52800783CC6 /* Alamofire */ = {
			isa = XCSwiftPackageProductDependency;
			package = 4CAE9FF12AA5C52800783CC6 /* XCRemoteSwiftPackageReference "Alamofire" */;
			productName = Alamofire;
		};
		4CAE9FF92AA5D1A900783CC6 /* Kingfisher */ = {
			isa = XCSwiftPackageProductDependency;
			package = 4CAE9FF82AA5D1A900783CC6 /* XCRemoteSwiftPackageReference "Kingfisher" */;
			productName = Kingfisher;
		};
		4CAE9FFE2AA5E3F700783CC6 /* Realm */ = {
			isa = XCSwiftPackageProductDependency;
			package = 4CAE9FFD2AA5E3F700783CC6 /* XCRemoteSwiftPackageReference "realm-swift" */;
			productName = Realm;
		};
		4CAEA0002AA5E3F700783CC6 /* RealmSwift */ = {
			isa = XCSwiftPackageProductDependency;
			package = 4CAE9FFD2AA5E3F700783CC6 /* XCRemoteSwiftPackageReference "realm-swift" */;
			productName = RealmSwift;
		};
/* End XCSwiftPackageProductDependency section */
	};
	rootObject = 4C6287252A77997C00A6808E /* Project object */;
}
